// !$*UTF8*$!
{
	archiveVersion = 1;
	classes = {
	};
	objectVersion = 46;
	objects = {

/* Begin PBXBuildFile section */
		0D8C8DE0980D82B16F67BE4E /* Pods_FledgerCommonMac.framework in Frameworks */ = {isa = PBXBuildFile; fileRef = 7384CD6024C33D5B30818ADE /* Pods_FledgerCommonMac.framework */; settings = {ATTRIBUTES = (Weak, ); }; };
		3E39170A1B77F5C200F72EC5 /* FledgerCommon.h in Headers */ = {isa = PBXBuildFile; fileRef = 3E3917091B77F5C200F72EC5 /* FledgerCommon.h */; settings = {ATTRIBUTES = (Public, ); }; };
		3E3917101B77F5C200F72EC5 /* FledgerCommon.framework in Frameworks */ = {isa = PBXBuildFile; fileRef = 3E3917041B77F5C200F72EC5 /* FledgerCommon.framework */; };
		3E39172A1B77F60D00F72EC5 /* FledgerCommonMac.h in Headers */ = {isa = PBXBuildFile; fileRef = 3E3917291B77F60D00F72EC5 /* FledgerCommonMac.h */; settings = {ATTRIBUTES = (Public, ); }; };
		3E3917301B77F60D00F72EC5 /* FledgerCommon.framework in Frameworks */ = {isa = PBXBuildFile; fileRef = 3E3917251B77F60D00F72EC5 /* FledgerCommon.framework */; };
		3E3917371B77F60D00F72EC5 /* FledgerCommonMacTests.swift in Sources */ = {isa = PBXBuildFile; fileRef = 3E3917361B77F60D00F72EC5 /* FledgerCommonMacTests.swift */; };
		3E3917BE1B77FF6B00F72EC5 /* DatabaseService.swift in Sources */ = {isa = PBXBuildFile; fileRef = 3E3917901B77FF6B00F72EC5 /* DatabaseService.swift */; };
		3E3917BF1B77FF6B00F72EC5 /* DatabaseService.swift in Sources */ = {isa = PBXBuildFile; fileRef = 3E3917901B77FF6B00F72EC5 /* DatabaseService.swift */; };
		3E3917C01B77FF6B00F72EC5 /* DatabaseService.swift in Sources */ = {isa = PBXBuildFile; fileRef = 3E3917901B77FF6B00F72EC5 /* DatabaseService.swift */; };
		3E3917C11B77FF6B00F72EC5 /* DatabaseService.swift in Sources */ = {isa = PBXBuildFile; fileRef = 3E3917901B77FF6B00F72EC5 /* DatabaseService.swift */; };
		3E3917C21B77FF6B00F72EC5 /* DatabaseServiceImpl.swift in Sources */ = {isa = PBXBuildFile; fileRef = 3E3917911B77FF6B00F72EC5 /* DatabaseServiceImpl.swift */; };
		3E3917C31B77FF6B00F72EC5 /* DatabaseServiceImpl.swift in Sources */ = {isa = PBXBuildFile; fileRef = 3E3917911B77FF6B00F72EC5 /* DatabaseServiceImpl.swift */; };
		3E3917C41B77FF6B00F72EC5 /* DatabaseServiceImpl.swift in Sources */ = {isa = PBXBuildFile; fileRef = 3E3917911B77FF6B00F72EC5 /* DatabaseServiceImpl.swift */; };
		3E3917C51B77FF6B00F72EC5 /* DatabaseServiceImpl.swift in Sources */ = {isa = PBXBuildFile; fileRef = 3E3917911B77FF6B00F72EC5 /* DatabaseServiceImpl.swift */; };
		3E3917C61B77FF6B00F72EC5 /* Account.swift in Sources */ = {isa = PBXBuildFile; fileRef = 3E3917941B77FF6B00F72EC5 /* Account.swift */; };
		3E3917C71B77FF6B00F72EC5 /* Account.swift in Sources */ = {isa = PBXBuildFile; fileRef = 3E3917941B77FF6B00F72EC5 /* Account.swift */; };
		3E3917C81B77FF6B00F72EC5 /* Account.swift in Sources */ = {isa = PBXBuildFile; fileRef = 3E3917941B77FF6B00F72EC5 /* Account.swift */; };
		3E3917C91B77FF6B00F72EC5 /* Account.swift in Sources */ = {isa = PBXBuildFile; fileRef = 3E3917941B77FF6B00F72EC5 /* Account.swift */; };
		3E3917CA1B77FF6B00F72EC5 /* AccountService.swift in Sources */ = {isa = PBXBuildFile; fileRef = 3E3917951B77FF6B00F72EC5 /* AccountService.swift */; };
		3E3917CB1B77FF6B00F72EC5 /* AccountService.swift in Sources */ = {isa = PBXBuildFile; fileRef = 3E3917951B77FF6B00F72EC5 /* AccountService.swift */; };
		3E3917CC1B77FF6B00F72EC5 /* AccountService.swift in Sources */ = {isa = PBXBuildFile; fileRef = 3E3917951B77FF6B00F72EC5 /* AccountService.swift */; };
		3E3917CD1B77FF6B00F72EC5 /* AccountService.swift in Sources */ = {isa = PBXBuildFile; fileRef = 3E3917951B77FF6B00F72EC5 /* AccountService.swift */; };
		3E3917CE1B77FF6B00F72EC5 /* AccountServiceImpl.swift in Sources */ = {isa = PBXBuildFile; fileRef = 3E3917961B77FF6B00F72EC5 /* AccountServiceImpl.swift */; };
		3E3917CF1B77FF6B00F72EC5 /* AccountServiceImpl.swift in Sources */ = {isa = PBXBuildFile; fileRef = 3E3917961B77FF6B00F72EC5 /* AccountServiceImpl.swift */; };
		3E3917D01B77FF6B00F72EC5 /* AccountServiceImpl.swift in Sources */ = {isa = PBXBuildFile; fileRef = 3E3917961B77FF6B00F72EC5 /* AccountServiceImpl.swift */; };
		3E3917D11B77FF6B00F72EC5 /* AccountServiceImpl.swift in Sources */ = {isa = PBXBuildFile; fileRef = 3E3917961B77FF6B00F72EC5 /* AccountServiceImpl.swift */; };
		3E3917D21B77FF6B00F72EC5 /* Aggregate.swift in Sources */ = {isa = PBXBuildFile; fileRef = 3E3917981B77FF6B00F72EC5 /* Aggregate.swift */; };
		3E3917D31B77FF6B00F72EC5 /* Aggregate.swift in Sources */ = {isa = PBXBuildFile; fileRef = 3E3917981B77FF6B00F72EC5 /* Aggregate.swift */; };
		3E3917D41B77FF6B00F72EC5 /* Aggregate.swift in Sources */ = {isa = PBXBuildFile; fileRef = 3E3917981B77FF6B00F72EC5 /* Aggregate.swift */; };
		3E3917D51B77FF6B00F72EC5 /* Aggregate.swift in Sources */ = {isa = PBXBuildFile; fileRef = 3E3917981B77FF6B00F72EC5 /* Aggregate.swift */; };
		3E3917D61B77FF6B00F72EC5 /* AggregateService.swift in Sources */ = {isa = PBXBuildFile; fileRef = 3E3917991B77FF6B00F72EC5 /* AggregateService.swift */; };
		3E3917D71B77FF6B00F72EC5 /* AggregateService.swift in Sources */ = {isa = PBXBuildFile; fileRef = 3E3917991B77FF6B00F72EC5 /* AggregateService.swift */; };
		3E3917D81B77FF6B00F72EC5 /* AggregateService.swift in Sources */ = {isa = PBXBuildFile; fileRef = 3E3917991B77FF6B00F72EC5 /* AggregateService.swift */; };
		3E3917D91B77FF6B00F72EC5 /* AggregateService.swift in Sources */ = {isa = PBXBuildFile; fileRef = 3E3917991B77FF6B00F72EC5 /* AggregateService.swift */; };
		3E3917DA1B77FF6B00F72EC5 /* AggregateServiceImpl.swift in Sources */ = {isa = PBXBuildFile; fileRef = 3E39179A1B77FF6B00F72EC5 /* AggregateServiceImpl.swift */; };
		3E3917DB1B77FF6B00F72EC5 /* AggregateServiceImpl.swift in Sources */ = {isa = PBXBuildFile; fileRef = 3E39179A1B77FF6B00F72EC5 /* AggregateServiceImpl.swift */; };
		3E3917DC1B77FF6B00F72EC5 /* AggregateServiceImpl.swift in Sources */ = {isa = PBXBuildFile; fileRef = 3E39179A1B77FF6B00F72EC5 /* AggregateServiceImpl.swift */; };
		3E3917DD1B77FF6B00F72EC5 /* AggregateServiceImpl.swift in Sources */ = {isa = PBXBuildFile; fileRef = 3E39179A1B77FF6B00F72EC5 /* AggregateServiceImpl.swift */; };
		3E3917DE1B77FF6B00F72EC5 /* DeletedModel.swift in Sources */ = {isa = PBXBuildFile; fileRef = 3E39179B1B77FF6B00F72EC5 /* DeletedModel.swift */; };
		3E3917DF1B77FF6B00F72EC5 /* DeletedModel.swift in Sources */ = {isa = PBXBuildFile; fileRef = 3E39179B1B77FF6B00F72EC5 /* DeletedModel.swift */; };
		3E3917E01B77FF6B00F72EC5 /* DeletedModel.swift in Sources */ = {isa = PBXBuildFile; fileRef = 3E39179B1B77FF6B00F72EC5 /* DeletedModel.swift */; };
		3E3917E11B77FF6B00F72EC5 /* DeletedModel.swift in Sources */ = {isa = PBXBuildFile; fileRef = 3E39179B1B77FF6B00F72EC5 /* DeletedModel.swift */; };
		3E3917E21B77FF6B00F72EC5 /* Fields.swift in Sources */ = {isa = PBXBuildFile; fileRef = 3E39179C1B77FF6B00F72EC5 /* Fields.swift */; };
		3E3917E31B77FF6B00F72EC5 /* Fields.swift in Sources */ = {isa = PBXBuildFile; fileRef = 3E39179C1B77FF6B00F72EC5 /* Fields.swift */; };
		3E3917E41B77FF6B00F72EC5 /* Fields.swift in Sources */ = {isa = PBXBuildFile; fileRef = 3E39179C1B77FF6B00F72EC5 /* Fields.swift */; };
		3E3917E51B77FF6B00F72EC5 /* Fields.swift in Sources */ = {isa = PBXBuildFile; fileRef = 3E39179C1B77FF6B00F72EC5 /* Fields.swift */; };
		3E3917E61B77FF6B00F72EC5 /* Filters.swift in Sources */ = {isa = PBXBuildFile; fileRef = 3E39179D1B77FF6B00F72EC5 /* Filters.swift */; };
		3E3917E71B77FF6B00F72EC5 /* Filters.swift in Sources */ = {isa = PBXBuildFile; fileRef = 3E39179D1B77FF6B00F72EC5 /* Filters.swift */; };
		3E3917E81B77FF6B00F72EC5 /* Filters.swift in Sources */ = {isa = PBXBuildFile; fileRef = 3E39179D1B77FF6B00F72EC5 /* Filters.swift */; };
		3E3917E91B77FF6B00F72EC5 /* Filters.swift in Sources */ = {isa = PBXBuildFile; fileRef = 3E39179D1B77FF6B00F72EC5 /* Filters.swift */; };
		3E3917EA1B77FF6B00F72EC5 /* Group.swift in Sources */ = {isa = PBXBuildFile; fileRef = 3E39179F1B77FF6B00F72EC5 /* Group.swift */; };
		3E3917EB1B77FF6B00F72EC5 /* Group.swift in Sources */ = {isa = PBXBuildFile; fileRef = 3E39179F1B77FF6B00F72EC5 /* Group.swift */; };
		3E3917EC1B77FF6B00F72EC5 /* Group.swift in Sources */ = {isa = PBXBuildFile; fileRef = 3E39179F1B77FF6B00F72EC5 /* Group.swift */; };
		3E3917ED1B77FF6B00F72EC5 /* Group.swift in Sources */ = {isa = PBXBuildFile; fileRef = 3E39179F1B77FF6B00F72EC5 /* Group.swift */; };
		3E3917EE1B77FF6B00F72EC5 /* GroupService.swift in Sources */ = {isa = PBXBuildFile; fileRef = 3E3917A01B77FF6B00F72EC5 /* GroupService.swift */; };
		3E3917EF1B77FF6B00F72EC5 /* GroupService.swift in Sources */ = {isa = PBXBuildFile; fileRef = 3E3917A01B77FF6B00F72EC5 /* GroupService.swift */; };
		3E3917F01B77FF6B00F72EC5 /* GroupService.swift in Sources */ = {isa = PBXBuildFile; fileRef = 3E3917A01B77FF6B00F72EC5 /* GroupService.swift */; };
		3E3917F11B77FF6B00F72EC5 /* GroupService.swift in Sources */ = {isa = PBXBuildFile; fileRef = 3E3917A01B77FF6B00F72EC5 /* GroupService.swift */; };
		3E3917F21B77FF6B00F72EC5 /* GroupServiceImpl.swift in Sources */ = {isa = PBXBuildFile; fileRef = 3E3917A11B77FF6B00F72EC5 /* GroupServiceImpl.swift */; };
		3E3917F31B77FF6B00F72EC5 /* GroupServiceImpl.swift in Sources */ = {isa = PBXBuildFile; fileRef = 3E3917A11B77FF6B00F72EC5 /* GroupServiceImpl.swift */; };
		3E3917F41B77FF6B00F72EC5 /* GroupServiceImpl.swift in Sources */ = {isa = PBXBuildFile; fileRef = 3E3917A11B77FF6B00F72EC5 /* GroupServiceImpl.swift */; };
		3E3917F51B77FF6B00F72EC5 /* GroupServiceImpl.swift in Sources */ = {isa = PBXBuildFile; fileRef = 3E3917A11B77FF6B00F72EC5 /* GroupServiceImpl.swift */; };
		3E3917F61B77FF6B00F72EC5 /* Item.swift in Sources */ = {isa = PBXBuildFile; fileRef = 3E3917A31B77FF6B00F72EC5 /* Item.swift */; };
		3E3917F71B77FF6B00F72EC5 /* Item.swift in Sources */ = {isa = PBXBuildFile; fileRef = 3E3917A31B77FF6B00F72EC5 /* Item.swift */; };
		3E3917F81B77FF6B00F72EC5 /* Item.swift in Sources */ = {isa = PBXBuildFile; fileRef = 3E3917A31B77FF6B00F72EC5 /* Item.swift */; };
		3E3917F91B77FF6B00F72EC5 /* Item.swift in Sources */ = {isa = PBXBuildFile; fileRef = 3E3917A31B77FF6B00F72EC5 /* Item.swift */; };
		3E3917FA1B77FF6B00F72EC5 /* ItemFilters.swift in Sources */ = {isa = PBXBuildFile; fileRef = 3E3917A41B77FF6B00F72EC5 /* ItemFilters.swift */; };
		3E3917FB1B77FF6B00F72EC5 /* ItemFilters.swift in Sources */ = {isa = PBXBuildFile; fileRef = 3E3917A41B77FF6B00F72EC5 /* ItemFilters.swift */; };
		3E3917FC1B77FF6B00F72EC5 /* ItemFilters.swift in Sources */ = {isa = PBXBuildFile; fileRef = 3E3917A41B77FF6B00F72EC5 /* ItemFilters.swift */; };
		3E3917FD1B77FF6B00F72EC5 /* ItemFilters.swift in Sources */ = {isa = PBXBuildFile; fileRef = 3E3917A41B77FF6B00F72EC5 /* ItemFilters.swift */; };
		3E3917FE1B77FF6B00F72EC5 /* ItemService.swift in Sources */ = {isa = PBXBuildFile; fileRef = 3E3917A51B77FF6B00F72EC5 /* ItemService.swift */; };
		3E3917FF1B77FF6B00F72EC5 /* ItemService.swift in Sources */ = {isa = PBXBuildFile; fileRef = 3E3917A51B77FF6B00F72EC5 /* ItemService.swift */; };
		3E3918001B77FF6B00F72EC5 /* ItemService.swift in Sources */ = {isa = PBXBuildFile; fileRef = 3E3917A51B77FF6B00F72EC5 /* ItemService.swift */; };
		3E3918011B77FF6B00F72EC5 /* ItemService.swift in Sources */ = {isa = PBXBuildFile; fileRef = 3E3917A51B77FF6B00F72EC5 /* ItemService.swift */; };
		3E3918021B77FF6B00F72EC5 /* ItemServiceImpl.swift in Sources */ = {isa = PBXBuildFile; fileRef = 3E3917A61B77FF6B00F72EC5 /* ItemServiceImpl.swift */; };
		3E3918031B77FF6B00F72EC5 /* ItemServiceImpl.swift in Sources */ = {isa = PBXBuildFile; fileRef = 3E3917A61B77FF6B00F72EC5 /* ItemServiceImpl.swift */; };
		3E3918041B77FF6B00F72EC5 /* ItemServiceImpl.swift in Sources */ = {isa = PBXBuildFile; fileRef = 3E3917A61B77FF6B00F72EC5 /* ItemServiceImpl.swift */; };
		3E3918051B77FF6B00F72EC5 /* ItemServiceImpl.swift in Sources */ = {isa = PBXBuildFile; fileRef = 3E3917A61B77FF6B00F72EC5 /* ItemServiceImpl.swift */; };
		3E3918061B77FF6B00F72EC5 /* Location.swift in Sources */ = {isa = PBXBuildFile; fileRef = 3E3917A81B77FF6B00F72EC5 /* Location.swift */; };
		3E3918071B77FF6B00F72EC5 /* Location.swift in Sources */ = {isa = PBXBuildFile; fileRef = 3E3917A81B77FF6B00F72EC5 /* Location.swift */; };
		3E3918081B77FF6B00F72EC5 /* Location.swift in Sources */ = {isa = PBXBuildFile; fileRef = 3E3917A81B77FF6B00F72EC5 /* Location.swift */; };
		3E3918091B77FF6B00F72EC5 /* Location.swift in Sources */ = {isa = PBXBuildFile; fileRef = 3E3917A81B77FF6B00F72EC5 /* Location.swift */; };
		3E39180A1B77FF6B00F72EC5 /* LocationAnnotation.swift in Sources */ = {isa = PBXBuildFile; fileRef = 3E3917A91B77FF6B00F72EC5 /* LocationAnnotation.swift */; };
		3E39180B1B77FF6B00F72EC5 /* LocationAnnotation.swift in Sources */ = {isa = PBXBuildFile; fileRef = 3E3917A91B77FF6B00F72EC5 /* LocationAnnotation.swift */; };
		3E39180C1B77FF6B00F72EC5 /* LocationAnnotation.swift in Sources */ = {isa = PBXBuildFile; fileRef = 3E3917A91B77FF6B00F72EC5 /* LocationAnnotation.swift */; };
		3E39180D1B77FF6B00F72EC5 /* LocationAnnotation.swift in Sources */ = {isa = PBXBuildFile; fileRef = 3E3917A91B77FF6B00F72EC5 /* LocationAnnotation.swift */; };
		3E39180E1B77FF6B00F72EC5 /* LocationService.swift in Sources */ = {isa = PBXBuildFile; fileRef = 3E3917AA1B77FF6B00F72EC5 /* LocationService.swift */; };
		3E39180F1B77FF6B00F72EC5 /* LocationService.swift in Sources */ = {isa = PBXBuildFile; fileRef = 3E3917AA1B77FF6B00F72EC5 /* LocationService.swift */; };
		3E3918101B77FF6B00F72EC5 /* LocationService.swift in Sources */ = {isa = PBXBuildFile; fileRef = 3E3917AA1B77FF6B00F72EC5 /* LocationService.swift */; };
		3E3918111B77FF6B00F72EC5 /* LocationService.swift in Sources */ = {isa = PBXBuildFile; fileRef = 3E3917AA1B77FF6B00F72EC5 /* LocationService.swift */; };
		3E3918121B77FF6B00F72EC5 /* LocationServiceImpl.swift in Sources */ = {isa = PBXBuildFile; fileRef = 3E3917AB1B77FF6B00F72EC5 /* LocationServiceImpl.swift */; };
		3E3918131B77FF6B00F72EC5 /* LocationServiceImpl.swift in Sources */ = {isa = PBXBuildFile; fileRef = 3E3917AB1B77FF6B00F72EC5 /* LocationServiceImpl.swift */; };
		3E3918141B77FF6B00F72EC5 /* LocationServiceImpl.swift in Sources */ = {isa = PBXBuildFile; fileRef = 3E3917AB1B77FF6B00F72EC5 /* LocationServiceImpl.swift */; };
		3E3918151B77FF6B00F72EC5 /* LocationServiceImpl.swift in Sources */ = {isa = PBXBuildFile; fileRef = 3E3917AB1B77FF6B00F72EC5 /* LocationServiceImpl.swift */; };
		3E3918161B77FF6B00F72EC5 /* MemoryModelServiceImpl.swift in Sources */ = {isa = PBXBuildFile; fileRef = 3E3917AC1B77FF6B00F72EC5 /* MemoryModelServiceImpl.swift */; };
		3E3918171B77FF6B00F72EC5 /* MemoryModelServiceImpl.swift in Sources */ = {isa = PBXBuildFile; fileRef = 3E3917AC1B77FF6B00F72EC5 /* MemoryModelServiceImpl.swift */; };
		3E3918181B77FF6B00F72EC5 /* MemoryModelServiceImpl.swift in Sources */ = {isa = PBXBuildFile; fileRef = 3E3917AC1B77FF6B00F72EC5 /* MemoryModelServiceImpl.swift */; };
		3E3918191B77FF6B00F72EC5 /* MemoryModelServiceImpl.swift in Sources */ = {isa = PBXBuildFile; fileRef = 3E3917AC1B77FF6B00F72EC5 /* MemoryModelServiceImpl.swift */; };
		3E39181A1B77FF6B00F72EC5 /* Model.swift in Sources */ = {isa = PBXBuildFile; fileRef = 3E3917AD1B77FF6B00F72EC5 /* Model.swift */; };
		3E39181B1B77FF6B00F72EC5 /* Model.swift in Sources */ = {isa = PBXBuildFile; fileRef = 3E3917AD1B77FF6B00F72EC5 /* Model.swift */; };
		3E39181C1B77FF6B00F72EC5 /* Model.swift in Sources */ = {isa = PBXBuildFile; fileRef = 3E3917AD1B77FF6B00F72EC5 /* Model.swift */; };
		3E39181D1B77FF6B00F72EC5 /* Model.swift in Sources */ = {isa = PBXBuildFile; fileRef = 3E3917AD1B77FF6B00F72EC5 /* Model.swift */; };
		3E39181E1B77FF6B00F72EC5 /* ModelService.swift in Sources */ = {isa = PBXBuildFile; fileRef = 3E3917AE1B77FF6B00F72EC5 /* ModelService.swift */; };
		3E39181F1B77FF6B00F72EC5 /* ModelService.swift in Sources */ = {isa = PBXBuildFile; fileRef = 3E3917AE1B77FF6B00F72EC5 /* ModelService.swift */; };
		3E3918201B77FF6B00F72EC5 /* ModelService.swift in Sources */ = {isa = PBXBuildFile; fileRef = 3E3917AE1B77FF6B00F72EC5 /* ModelService.swift */; };
		3E3918211B77FF6B00F72EC5 /* ModelService.swift in Sources */ = {isa = PBXBuildFile; fileRef = 3E3917AE1B77FF6B00F72EC5 /* ModelService.swift */; };
		3E3918221B77FF6B00F72EC5 /* ModelType.swift in Sources */ = {isa = PBXBuildFile; fileRef = 3E3917AF1B77FF6B00F72EC5 /* ModelType.swift */; };
		3E3918231B77FF6B00F72EC5 /* ModelType.swift in Sources */ = {isa = PBXBuildFile; fileRef = 3E3917AF1B77FF6B00F72EC5 /* ModelType.swift */; };
		3E3918241B77FF6B00F72EC5 /* ModelType.swift in Sources */ = {isa = PBXBuildFile; fileRef = 3E3917AF1B77FF6B00F72EC5 /* ModelType.swift */; };
		3E3918251B77FF6B00F72EC5 /* ModelType.swift in Sources */ = {isa = PBXBuildFile; fileRef = 3E3917AF1B77FF6B00F72EC5 /* ModelType.swift */; };
		3E3918261B77FF6B00F72EC5 /* ParseFilters.swift in Sources */ = {isa = PBXBuildFile; fileRef = 3E3917B11B77FF6B00F72EC5 /* ParseFilters.swift */; };
		3E3918271B77FF6B00F72EC5 /* ParseFilters.swift in Sources */ = {isa = PBXBuildFile; fileRef = 3E3917B11B77FF6B00F72EC5 /* ParseFilters.swift */; };
		3E3918281B77FF6B00F72EC5 /* ParseFilters.swift in Sources */ = {isa = PBXBuildFile; fileRef = 3E3917B11B77FF6B00F72EC5 /* ParseFilters.swift */; };
		3E3918291B77FF6B00F72EC5 /* ParseFilters.swift in Sources */ = {isa = PBXBuildFile; fileRef = 3E3917B11B77FF6B00F72EC5 /* ParseFilters.swift */; };
		3E39182A1B77FF6B00F72EC5 /* ParseModel.swift in Sources */ = {isa = PBXBuildFile; fileRef = 3E3917B21B77FF6B00F72EC5 /* ParseModel.swift */; };
		3E39182B1B77FF6B00F72EC5 /* ParseModel.swift in Sources */ = {isa = PBXBuildFile; fileRef = 3E3917B21B77FF6B00F72EC5 /* ParseModel.swift */; };
		3E39182C1B77FF6B00F72EC5 /* ParseModel.swift in Sources */ = {isa = PBXBuildFile; fileRef = 3E3917B21B77FF6B00F72EC5 /* ParseModel.swift */; };
		3E39182D1B77FF6B00F72EC5 /* ParseModel.swift in Sources */ = {isa = PBXBuildFile; fileRef = 3E3917B21B77FF6B00F72EC5 /* ParseModel.swift */; };
		3E39182E1B77FF6B00F72EC5 /* ParseService.swift in Sources */ = {isa = PBXBuildFile; fileRef = 3E3917B31B77FF6B00F72EC5 /* ParseService.swift */; };
		3E39182F1B77FF6B00F72EC5 /* ParseService.swift in Sources */ = {isa = PBXBuildFile; fileRef = 3E3917B31B77FF6B00F72EC5 /* ParseService.swift */; };
		3E3918301B77FF6B00F72EC5 /* ParseService.swift in Sources */ = {isa = PBXBuildFile; fileRef = 3E3917B31B77FF6B00F72EC5 /* ParseService.swift */; };
		3E3918311B77FF6B00F72EC5 /* ParseService.swift in Sources */ = {isa = PBXBuildFile; fileRef = 3E3917B31B77FF6B00F72EC5 /* ParseService.swift */; };
		3E3918321B77FF6B00F72EC5 /* ParseServiceImpl.swift in Sources */ = {isa = PBXBuildFile; fileRef = 3E3917B41B77FF6B00F72EC5 /* ParseServiceImpl.swift */; };
		3E3918331B77FF6B00F72EC5 /* ParseServiceImpl.swift in Sources */ = {isa = PBXBuildFile; fileRef = 3E3917B41B77FF6B00F72EC5 /* ParseServiceImpl.swift */; };
		3E3918341B77FF6B00F72EC5 /* ParseServiceImpl.swift in Sources */ = {isa = PBXBuildFile; fileRef = 3E3917B41B77FF6B00F72EC5 /* ParseServiceImpl.swift */; };
		3E3918351B77FF6B00F72EC5 /* ParseServiceImpl.swift in Sources */ = {isa = PBXBuildFile; fileRef = 3E3917B41B77FF6B00F72EC5 /* ParseServiceImpl.swift */; };
		3E3918361B77FF6B00F72EC5 /* PFObjectConvertible.swift in Sources */ = {isa = PBXBuildFile; fileRef = 3E3917B51B77FF6B00F72EC5 /* PFObjectConvertible.swift */; };
		3E3918371B77FF6B00F72EC5 /* PFObjectConvertible.swift in Sources */ = {isa = PBXBuildFile; fileRef = 3E3917B51B77FF6B00F72EC5 /* PFObjectConvertible.swift */; };
		3E3918381B77FF6B00F72EC5 /* PFObjectConvertible.swift in Sources */ = {isa = PBXBuildFile; fileRef = 3E3917B51B77FF6B00F72EC5 /* PFObjectConvertible.swift */; };
		3E3918391B77FF6B00F72EC5 /* PFObjectConvertible.swift in Sources */ = {isa = PBXBuildFile; fileRef = 3E3917B51B77FF6B00F72EC5 /* PFObjectConvertible.swift */; };
		3E39183A1B77FF6B00F72EC5 /* StandardModelServiceImpl.swift in Sources */ = {isa = PBXBuildFile; fileRef = 3E3917B61B77FF6B00F72EC5 /* StandardModelServiceImpl.swift */; };
		3E39183B1B77FF6B00F72EC5 /* StandardModelServiceImpl.swift in Sources */ = {isa = PBXBuildFile; fileRef = 3E3917B61B77FF6B00F72EC5 /* StandardModelServiceImpl.swift */; };
		3E39183C1B77FF6B00F72EC5 /* StandardModelServiceImpl.swift in Sources */ = {isa = PBXBuildFile; fileRef = 3E3917B61B77FF6B00F72EC5 /* StandardModelServiceImpl.swift */; };
		3E39183D1B77FF6B00F72EC5 /* StandardModelServiceImpl.swift in Sources */ = {isa = PBXBuildFile; fileRef = 3E3917B61B77FF6B00F72EC5 /* StandardModelServiceImpl.swift */; };
		3E39183E1B77FF6B00F72EC5 /* Type.swift in Sources */ = {isa = PBXBuildFile; fileRef = 3E3917B81B77FF6B00F72EC5 /* Type.swift */; };
		3E39183F1B77FF6B00F72EC5 /* Type.swift in Sources */ = {isa = PBXBuildFile; fileRef = 3E3917B81B77FF6B00F72EC5 /* Type.swift */; };
		3E3918401B77FF6B00F72EC5 /* Type.swift in Sources */ = {isa = PBXBuildFile; fileRef = 3E3917B81B77FF6B00F72EC5 /* Type.swift */; };
		3E3918411B77FF6B00F72EC5 /* Type.swift in Sources */ = {isa = PBXBuildFile; fileRef = 3E3917B81B77FF6B00F72EC5 /* Type.swift */; };
		3E3918421B77FF6B00F72EC5 /* TypeService.swift in Sources */ = {isa = PBXBuildFile; fileRef = 3E3917B91B77FF6B00F72EC5 /* TypeService.swift */; };
		3E3918431B77FF6B00F72EC5 /* TypeService.swift in Sources */ = {isa = PBXBuildFile; fileRef = 3E3917B91B77FF6B00F72EC5 /* TypeService.swift */; };
		3E3918441B77FF6B00F72EC5 /* TypeService.swift in Sources */ = {isa = PBXBuildFile; fileRef = 3E3917B91B77FF6B00F72EC5 /* TypeService.swift */; };
		3E3918451B77FF6B00F72EC5 /* TypeService.swift in Sources */ = {isa = PBXBuildFile; fileRef = 3E3917B91B77FF6B00F72EC5 /* TypeService.swift */; };
		3E3918461B77FF6B00F72EC5 /* TypeServiceImpl.swift in Sources */ = {isa = PBXBuildFile; fileRef = 3E3917BA1B77FF6B00F72EC5 /* TypeServiceImpl.swift */; };
		3E3918471B77FF6B00F72EC5 /* TypeServiceImpl.swift in Sources */ = {isa = PBXBuildFile; fileRef = 3E3917BA1B77FF6B00F72EC5 /* TypeServiceImpl.swift */; };
		3E3918481B77FF6B00F72EC5 /* TypeServiceImpl.swift in Sources */ = {isa = PBXBuildFile; fileRef = 3E3917BA1B77FF6B00F72EC5 /* TypeServiceImpl.swift */; };
		3E3918491B77FF6B00F72EC5 /* TypeServiceImpl.swift in Sources */ = {isa = PBXBuildFile; fileRef = 3E3917BA1B77FF6B00F72EC5 /* TypeServiceImpl.swift */; };
		3E39184A1B77FF6B00F72EC5 /* Service.swift in Sources */ = {isa = PBXBuildFile; fileRef = 3E3917BB1B77FF6B00F72EC5 /* Service.swift */; };
		3E39184B1B77FF6B00F72EC5 /* Service.swift in Sources */ = {isa = PBXBuildFile; fileRef = 3E3917BB1B77FF6B00F72EC5 /* Service.swift */; };
		3E39184C1B77FF6B00F72EC5 /* Service.swift in Sources */ = {isa = PBXBuildFile; fileRef = 3E3917BB1B77FF6B00F72EC5 /* Service.swift */; };
		3E39184D1B77FF6B00F72EC5 /* Service.swift in Sources */ = {isa = PBXBuildFile; fileRef = 3E3917BB1B77FF6B00F72EC5 /* Service.swift */; };
		3E39184E1B77FF6B00F72EC5 /* ServiceBootstrap.swift in Sources */ = {isa = PBXBuildFile; fileRef = 3E3917BC1B77FF6B00F72EC5 /* ServiceBootstrap.swift */; };
		3E39184F1B77FF6B00F72EC5 /* ServiceBootstrap.swift in Sources */ = {isa = PBXBuildFile; fileRef = 3E3917BC1B77FF6B00F72EC5 /* ServiceBootstrap.swift */; };
		3E3918501B77FF6B00F72EC5 /* ServiceBootstrap.swift in Sources */ = {isa = PBXBuildFile; fileRef = 3E3917BC1B77FF6B00F72EC5 /* ServiceBootstrap.swift */; };
		3E3918511B77FF6B00F72EC5 /* ServiceBootstrap.swift in Sources */ = {isa = PBXBuildFile; fileRef = 3E3917BC1B77FF6B00F72EC5 /* ServiceBootstrap.swift */; };
		3E3918521B77FF6B00F72EC5 /* Services.swift in Sources */ = {isa = PBXBuildFile; fileRef = 3E3917BD1B77FF6B00F72EC5 /* Services.swift */; };
		3E3918531B77FF6B00F72EC5 /* Services.swift in Sources */ = {isa = PBXBuildFile; fileRef = 3E3917BD1B77FF6B00F72EC5 /* Services.swift */; };
		3E3918541B77FF6B00F72EC5 /* Services.swift in Sources */ = {isa = PBXBuildFile; fileRef = 3E3917BD1B77FF6B00F72EC5 /* Services.swift */; };
		3E3918551B77FF6B00F72EC5 /* Services.swift in Sources */ = {isa = PBXBuildFile; fileRef = 3E3917BD1B77FF6B00F72EC5 /* Services.swift */; };
		3E3918651B780DDA00F72EC5 /* ArrayExtension.swift in Sources */ = {isa = PBXBuildFile; fileRef = 3E3918631B780DDA00F72EC5 /* ArrayExtension.swift */; };
		3E3918961B783B8600F72EC5 /* DatabaseServiceMock.swift in Sources */ = {isa = PBXBuildFile; fileRef = 3E39188D1B783B8600F72EC5 /* DatabaseServiceMock.swift */; };
		3E3918971B783B8600F72EC5 /* AccountServiceMock.swift in Sources */ = {isa = PBXBuildFile; fileRef = 3E3918901B783B8600F72EC5 /* AccountServiceMock.swift */; };
		3E3918981B783B8600F72EC5 /* ItemServiceMock.swift in Sources */ = {isa = PBXBuildFile; fileRef = 3E3918911B783B8600F72EC5 /* ItemServiceMock.swift */; };
		3E3918991B783B8600F72EC5 /* LocationServiceImplSuite.swift in Sources */ = {isa = PBXBuildFile; fileRef = 3E3918931B783B8600F72EC5 /* LocationServiceImplSuite.swift */; };
		3E39189A1B783B8600F72EC5 /* ParseServiceMock.swift in Sources */ = {isa = PBXBuildFile; fileRef = 3E3918951B783B8600F72EC5 /* ParseServiceMock.swift */; };
		3E39189E1B783C3100F72EC5 /* AppTestSuite.swift in Sources */ = {isa = PBXBuildFile; fileRef = 3E39189D1B783C3100F72EC5 /* AppTestSuite.swift */; };
		3E3918C31B7845D200F72EC5 /* data-lite.sql in Resources */ = {isa = PBXBuildFile; fileRef = 3E3918C01B7845D200F72EC5 /* data-lite.sql */; };
		3E3918C41B7845D200F72EC5 /* data-lite.sql in Resources */ = {isa = PBXBuildFile; fileRef = 3E3918C01B7845D200F72EC5 /* data-lite.sql */; };
		3E3918C51B7845D200F72EC5 /* data-lite.sql in Resources */ = {isa = PBXBuildFile; fileRef = 3E3918C01B7845D200F72EC5 /* data-lite.sql */; };
		3E3918C61B7845D200F72EC5 /* data-lite.sql in Resources */ = {isa = PBXBuildFile; fileRef = 3E3918C01B7845D200F72EC5 /* data-lite.sql */; };
		3E3918C71B7845D200F72EC5 /* data.sql in Resources */ = {isa = PBXBuildFile; fileRef = 3E3918C11B7845D200F72EC5 /* data.sql */; };
		3E3918C81B7845D200F72EC5 /* data.sql in Resources */ = {isa = PBXBuildFile; fileRef = 3E3918C11B7845D200F72EC5 /* data.sql */; };
		3E3918C91B7845D200F72EC5 /* data.sql in Resources */ = {isa = PBXBuildFile; fileRef = 3E3918C11B7845D200F72EC5 /* data.sql */; };
		3E3918CA1B7845D200F72EC5 /* data.sql in Resources */ = {isa = PBXBuildFile; fileRef = 3E3918C11B7845D200F72EC5 /* data.sql */; };
		3E3918CB1B7845D200F72EC5 /* schema.sql in Resources */ = {isa = PBXBuildFile; fileRef = 3E3918C21B7845D200F72EC5 /* schema.sql */; };
		3E3918CC1B7845D200F72EC5 /* schema.sql in Resources */ = {isa = PBXBuildFile; fileRef = 3E3918C21B7845D200F72EC5 /* schema.sql */; };
		3E3918CD1B7845D200F72EC5 /* schema.sql in Resources */ = {isa = PBXBuildFile; fileRef = 3E3918C21B7845D200F72EC5 /* schema.sql */; };
		3E3918CE1B7845D200F72EC5 /* schema.sql in Resources */ = {isa = PBXBuildFile; fileRef = 3E3918C21B7845D200F72EC5 /* schema.sql */; };
		3E3918E61B812E2200F72EC5 /* ArrayExtension.swift in Sources */ = {isa = PBXBuildFile; fileRef = 3E3918631B780DDA00F72EC5 /* ArrayExtension.swift */; };
		3E3918E71B812E2300F72EC5 /* ArrayExtension.swift in Sources */ = {isa = PBXBuildFile; fileRef = 3E3918631B780DDA00F72EC5 /* ArrayExtension.swift */; };
		3E3918E81B812E2400F72EC5 /* ArrayExtension.swift in Sources */ = {isa = PBXBuildFile; fileRef = 3E3918631B780DDA00F72EC5 /* ArrayExtension.swift */; };
		3E3919601B81466500F72EC5 /* LoginViewHelper.swift in Sources */ = {isa = PBXBuildFile; fileRef = 3E39195F1B81466500F72EC5 /* LoginViewHelper.swift */; };
		3E3919611B81466500F72EC5 /* LoginViewHelper.swift in Sources */ = {isa = PBXBuildFile; fileRef = 3E39195F1B81466500F72EC5 /* LoginViewHelper.swift */; };
		3E3919621B81466500F72EC5 /* LoginViewHelper.swift in Sources */ = {isa = PBXBuildFile; fileRef = 3E39195F1B81466500F72EC5 /* LoginViewHelper.swift */; };
		3E3919631B81466500F72EC5 /* LoginViewHelper.swift in Sources */ = {isa = PBXBuildFile; fileRef = 3E39195F1B81466500F72EC5 /* LoginViewHelper.swift */; };
		3EBA5BB31BACB66500BB5C5A /* UserService.swift in Sources */ = {isa = PBXBuildFile; fileRef = 3EBA5BB21BACB66500BB5C5A /* UserService.swift */; };
		3EBA5BB51BACB6AC00BB5C5A /* UserType.swift in Sources */ = {isa = PBXBuildFile; fileRef = 3EBA5BB41BACB6AC00BB5C5A /* UserType.swift */; };
		3EBA5BB71BACB8D900BB5C5A /* UserServiceImpl.swift in Sources */ = {isa = PBXBuildFile; fileRef = 3EBA5BB61BACB8D900BB5C5A /* UserServiceImpl.swift */; };
		3EBA5BB81BACB8D900BB5C5A /* UserServiceImpl.swift in Sources */ = {isa = PBXBuildFile; fileRef = 3EBA5BB61BACB8D900BB5C5A /* UserServiceImpl.swift */; };
		3EBA5BB91BACB8DE00BB5C5A /* UserType.swift in Sources */ = {isa = PBXBuildFile; fileRef = 3EBA5BB41BACB6AC00BB5C5A /* UserType.swift */; };
		3EBA5BBA1BACB8E100BB5C5A /* UserService.swift in Sources */ = {isa = PBXBuildFile; fileRef = 3EBA5BB21BACB66500BB5C5A /* UserService.swift */; };
		3EBA5BBB1BACBCC500BB5C5A /* UserService.swift in Sources */ = {isa = PBXBuildFile; fileRef = 3EBA5BB21BACB66500BB5C5A /* UserService.swift */; };
		3EBA5BBC1BACBCC500BB5C5A /* UserService.swift in Sources */ = {isa = PBXBuildFile; fileRef = 3EBA5BB21BACB66500BB5C5A /* UserService.swift */; };
		3EBA5BBD1BACBCCA00BB5C5A /* UserServiceImpl.swift in Sources */ = {isa = PBXBuildFile; fileRef = 3EBA5BB61BACB8D900BB5C5A /* UserServiceImpl.swift */; };
		3EBA5BBE1BACBCCB00BB5C5A /* UserServiceImpl.swift in Sources */ = {isa = PBXBuildFile; fileRef = 3EBA5BB61BACB8D900BB5C5A /* UserServiceImpl.swift */; };
		3EBA5BBF1BACBCCD00BB5C5A /* UserType.swift in Sources */ = {isa = PBXBuildFile; fileRef = 3EBA5BB41BACB6AC00BB5C5A /* UserType.swift */; };
		3EBA5BC01BACBCCE00BB5C5A /* UserType.swift in Sources */ = {isa = PBXBuildFile; fileRef = 3EBA5BB41BACB6AC00BB5C5A /* UserType.swift */; };
		3EBA5BC21BACC1B100BB5C5A /* PFModel.swift in Sources */ = {isa = PBXBuildFile; fileRef = 3EBA5BC11BACC1B100BB5C5A /* PFModel.swift */; };
		3EBA5BC31BACC1B100BB5C5A /* PFModel.swift in Sources */ = {isa = PBXBuildFile; fileRef = 3EBA5BC11BACC1B100BB5C5A /* PFModel.swift */; };
		3EBA5BC41BACC23C00BB5C5A /* PFModel.swift in Sources */ = {isa = PBXBuildFile; fileRef = 3EBA5BC11BACC1B100BB5C5A /* PFModel.swift */; };
		3EBA5BC51BACC23D00BB5C5A /* PFModel.swift in Sources */ = {isa = PBXBuildFile; fileRef = 3EBA5BC11BACC1B100BB5C5A /* PFModel.swift */; };
		3EBA5BC81BACC40B00BB5C5A /* SqlModel.swift in Sources */ = {isa = PBXBuildFile; fileRef = 3EBA5BC71BACC40B00BB5C5A /* SqlModel.swift */; };
		3EBA5BC91BACC40B00BB5C5A /* SqlModel.swift in Sources */ = {isa = PBXBuildFile; fileRef = 3EBA5BC71BACC40B00BB5C5A /* SqlModel.swift */; };
		3EBA5BCA1BACC40E00BB5C5A /* SqlModel.swift in Sources */ = {isa = PBXBuildFile; fileRef = 3EBA5BC71BACC40B00BB5C5A /* SqlModel.swift */; };
		3EBA5BCB1BACC40E00BB5C5A /* SqlModel.swift in Sources */ = {isa = PBXBuildFile; fileRef = 3EBA5BC71BACC40B00BB5C5A /* SqlModel.swift */; };
		C74ED29B58A955AB5A81F6A7 /* Pods_FledgerCommon.framework in Frameworks */ = {isa = PBXBuildFile; fileRef = 202B0DBA3E8C876B2BF52924 /* Pods_FledgerCommon.framework */; settings = {ATTRIBUTES = (Weak, ); }; };
/* End PBXBuildFile section */

/* Begin PBXContainerItemProxy section */
		3E3917111B77F5C200F72EC5 /* PBXContainerItemProxy */ = {
			isa = PBXContainerItemProxy;
			containerPortal = 3E3916FB1B77F5C200F72EC5 /* Project object */;
			proxyType = 1;
			remoteGlobalIDString = 3E3917031B77F5C200F72EC5;
			remoteInfo = FledgerCommon;
		};
		3E3917311B77F60D00F72EC5 /* PBXContainerItemProxy */ = {
			isa = PBXContainerItemProxy;
			containerPortal = 3E3916FB1B77F5C200F72EC5 /* Project object */;
			proxyType = 1;
			remoteGlobalIDString = 3E3917241B77F60D00F72EC5;
			remoteInfo = FledgerCommonMac;
		};
/* End PBXContainerItemProxy section */

/* Begin PBXFileReference section */
		202B0DBA3E8C876B2BF52924 /* Pods_FledgerCommon.framework */ = {isa = PBXFileReference; explicitFileType = wrapper.framework; includeInIndex = 0; path = Pods_FledgerCommon.framework; sourceTree = BUILT_PRODUCTS_DIR; };
		3E3917041B77F5C200F72EC5 /* FledgerCommon.framework */ = {isa = PBXFileReference; explicitFileType = wrapper.framework; includeInIndex = 0; path = FledgerCommon.framework; sourceTree = BUILT_PRODUCTS_DIR; };
		3E3917081B77F5C200F72EC5 /* Info.plist */ = {isa = PBXFileReference; lastKnownFileType = text.plist.xml; path = Info.plist; sourceTree = "<group>"; };
		3E3917091B77F5C200F72EC5 /* FledgerCommon.h */ = {isa = PBXFileReference; lastKnownFileType = sourcecode.c.h; path = FledgerCommon.h; sourceTree = "<group>"; };
		3E39170F1B77F5C200F72EC5 /* FledgerCommonTests.xctest */ = {isa = PBXFileReference; explicitFileType = wrapper.cfbundle; includeInIndex = 0; path = FledgerCommonTests.xctest; sourceTree = BUILT_PRODUCTS_DIR; };
		3E3917151B77F5C200F72EC5 /* Info.plist */ = {isa = PBXFileReference; lastKnownFileType = text.plist.xml; path = Info.plist; sourceTree = "<group>"; };
		3E3917251B77F60D00F72EC5 /* FledgerCommon.framework */ = {isa = PBXFileReference; explicitFileType = wrapper.framework; includeInIndex = 0; path = FledgerCommon.framework; sourceTree = BUILT_PRODUCTS_DIR; };
		3E3917281B77F60D00F72EC5 /* Info.plist */ = {isa = PBXFileReference; lastKnownFileType = text.plist.xml; path = Info.plist; sourceTree = "<group>"; };
		3E3917291B77F60D00F72EC5 /* FledgerCommonMac.h */ = {isa = PBXFileReference; lastKnownFileType = sourcecode.c.h; path = FledgerCommonMac.h; sourceTree = "<group>"; };
		3E39172F1B77F60D00F72EC5 /* FledgerCommonMacTests.xctest */ = {isa = PBXFileReference; explicitFileType = wrapper.cfbundle; includeInIndex = 0; path = FledgerCommonMacTests.xctest; sourceTree = BUILT_PRODUCTS_DIR; };
		3E3917351B77F60D00F72EC5 /* Info.plist */ = {isa = PBXFileReference; lastKnownFileType = text.plist.xml; path = Info.plist; sourceTree = "<group>"; };
		3E3917361B77F60D00F72EC5 /* FledgerCommonMacTests.swift */ = {isa = PBXFileReference; lastKnownFileType = sourcecode.swift; path = FledgerCommonMacTests.swift; sourceTree = "<group>"; };
		3E3917901B77FF6B00F72EC5 /* DatabaseService.swift */ = {isa = PBXFileReference; fileEncoding = 4; lastKnownFileType = sourcecode.swift; path = DatabaseService.swift; sourceTree = "<group>"; };
		3E3917911B77FF6B00F72EC5 /* DatabaseServiceImpl.swift */ = {isa = PBXFileReference; fileEncoding = 4; lastKnownFileType = sourcecode.swift; path = DatabaseServiceImpl.swift; sourceTree = "<group>"; };
		3E3917941B77FF6B00F72EC5 /* Account.swift */ = {isa = PBXFileReference; fileEncoding = 4; lastKnownFileType = sourcecode.swift; path = Account.swift; sourceTree = "<group>"; };
		3E3917951B77FF6B00F72EC5 /* AccountService.swift */ = {isa = PBXFileReference; fileEncoding = 4; lastKnownFileType = sourcecode.swift; path = AccountService.swift; sourceTree = "<group>"; };
		3E3917961B77FF6B00F72EC5 /* AccountServiceImpl.swift */ = {isa = PBXFileReference; fileEncoding = 4; lastKnownFileType = sourcecode.swift; path = AccountServiceImpl.swift; sourceTree = "<group>"; };
		3E3917981B77FF6B00F72EC5 /* Aggregate.swift */ = {isa = PBXFileReference; fileEncoding = 4; lastKnownFileType = sourcecode.swift; path = Aggregate.swift; sourceTree = "<group>"; };
		3E3917991B77FF6B00F72EC5 /* AggregateService.swift */ = {isa = PBXFileReference; fileEncoding = 4; lastKnownFileType = sourcecode.swift; path = AggregateService.swift; sourceTree = "<group>"; };
		3E39179A1B77FF6B00F72EC5 /* AggregateServiceImpl.swift */ = {isa = PBXFileReference; fileEncoding = 4; lastKnownFileType = sourcecode.swift; path = AggregateServiceImpl.swift; sourceTree = "<group>"; };
		3E39179B1B77FF6B00F72EC5 /* DeletedModel.swift */ = {isa = PBXFileReference; fileEncoding = 4; lastKnownFileType = sourcecode.swift; path = DeletedModel.swift; sourceTree = "<group>"; };
		3E39179C1B77FF6B00F72EC5 /* Fields.swift */ = {isa = PBXFileReference; fileEncoding = 4; lastKnownFileType = sourcecode.swift; path = Fields.swift; sourceTree = "<group>"; };
		3E39179D1B77FF6B00F72EC5 /* Filters.swift */ = {isa = PBXFileReference; fileEncoding = 4; lastKnownFileType = sourcecode.swift; path = Filters.swift; sourceTree = "<group>"; };
		3E39179F1B77FF6B00F72EC5 /* Group.swift */ = {isa = PBXFileReference; fileEncoding = 4; lastKnownFileType = sourcecode.swift; path = Group.swift; sourceTree = "<group>"; };
		3E3917A01B77FF6B00F72EC5 /* GroupService.swift */ = {isa = PBXFileReference; fileEncoding = 4; lastKnownFileType = sourcecode.swift; path = GroupService.swift; sourceTree = "<group>"; };
		3E3917A11B77FF6B00F72EC5 /* GroupServiceImpl.swift */ = {isa = PBXFileReference; fileEncoding = 4; lastKnownFileType = sourcecode.swift; path = GroupServiceImpl.swift; sourceTree = "<group>"; };
		3E3917A31B77FF6B00F72EC5 /* Item.swift */ = {isa = PBXFileReference; fileEncoding = 4; lastKnownFileType = sourcecode.swift; path = Item.swift; sourceTree = "<group>"; };
		3E3917A41B77FF6B00F72EC5 /* ItemFilters.swift */ = {isa = PBXFileReference; fileEncoding = 4; lastKnownFileType = sourcecode.swift; path = ItemFilters.swift; sourceTree = "<group>"; };
		3E3917A51B77FF6B00F72EC5 /* ItemService.swift */ = {isa = PBXFileReference; fileEncoding = 4; lastKnownFileType = sourcecode.swift; path = ItemService.swift; sourceTree = "<group>"; };
		3E3917A61B77FF6B00F72EC5 /* ItemServiceImpl.swift */ = {isa = PBXFileReference; fileEncoding = 4; lastKnownFileType = sourcecode.swift; path = ItemServiceImpl.swift; sourceTree = "<group>"; };
		3E3917A81B77FF6B00F72EC5 /* Location.swift */ = {isa = PBXFileReference; fileEncoding = 4; lastKnownFileType = sourcecode.swift; path = Location.swift; sourceTree = "<group>"; };
		3E3917A91B77FF6B00F72EC5 /* LocationAnnotation.swift */ = {isa = PBXFileReference; fileEncoding = 4; lastKnownFileType = sourcecode.swift; path = LocationAnnotation.swift; sourceTree = "<group>"; };
		3E3917AA1B77FF6B00F72EC5 /* LocationService.swift */ = {isa = PBXFileReference; fileEncoding = 4; lastKnownFileType = sourcecode.swift; path = LocationService.swift; sourceTree = "<group>"; };
		3E3917AB1B77FF6B00F72EC5 /* LocationServiceImpl.swift */ = {isa = PBXFileReference; fileEncoding = 4; lastKnownFileType = sourcecode.swift; path = LocationServiceImpl.swift; sourceTree = "<group>"; };
		3E3917AC1B77FF6B00F72EC5 /* MemoryModelServiceImpl.swift */ = {isa = PBXFileReference; fileEncoding = 4; lastKnownFileType = sourcecode.swift; path = MemoryModelServiceImpl.swift; sourceTree = "<group>"; };
		3E3917AD1B77FF6B00F72EC5 /* Model.swift */ = {isa = PBXFileReference; fileEncoding = 4; lastKnownFileType = sourcecode.swift; path = Model.swift; sourceTree = "<group>"; };
		3E3917AE1B77FF6B00F72EC5 /* ModelService.swift */ = {isa = PBXFileReference; fileEncoding = 4; lastKnownFileType = sourcecode.swift; path = ModelService.swift; sourceTree = "<group>"; };
		3E3917AF1B77FF6B00F72EC5 /* ModelType.swift */ = {isa = PBXFileReference; fileEncoding = 4; lastKnownFileType = sourcecode.swift; path = ModelType.swift; sourceTree = "<group>"; };
		3E3917B11B77FF6B00F72EC5 /* ParseFilters.swift */ = {isa = PBXFileReference; fileEncoding = 4; lastKnownFileType = sourcecode.swift; path = ParseFilters.swift; sourceTree = "<group>"; };
		3E3917B21B77FF6B00F72EC5 /* ParseModel.swift */ = {isa = PBXFileReference; fileEncoding = 4; lastKnownFileType = sourcecode.swift; path = ParseModel.swift; sourceTree = "<group>"; };
		3E3917B31B77FF6B00F72EC5 /* ParseService.swift */ = {isa = PBXFileReference; fileEncoding = 4; lastKnownFileType = sourcecode.swift; path = ParseService.swift; sourceTree = "<group>"; };
		3E3917B41B77FF6B00F72EC5 /* ParseServiceImpl.swift */ = {isa = PBXFileReference; fileEncoding = 4; lastKnownFileType = sourcecode.swift; path = ParseServiceImpl.swift; sourceTree = "<group>"; };
		3E3917B51B77FF6B00F72EC5 /* PFObjectConvertible.swift */ = {isa = PBXFileReference; fileEncoding = 4; lastKnownFileType = sourcecode.swift; path = PFObjectConvertible.swift; sourceTree = "<group>"; };
		3E3917B61B77FF6B00F72EC5 /* StandardModelServiceImpl.swift */ = {isa = PBXFileReference; fileEncoding = 4; lastKnownFileType = sourcecode.swift; path = StandardModelServiceImpl.swift; sourceTree = "<group>"; };
		3E3917B81B77FF6B00F72EC5 /* Type.swift */ = {isa = PBXFileReference; fileEncoding = 4; lastKnownFileType = sourcecode.swift; path = Type.swift; sourceTree = "<group>"; };
		3E3917B91B77FF6B00F72EC5 /* TypeService.swift */ = {isa = PBXFileReference; fileEncoding = 4; lastKnownFileType = sourcecode.swift; path = TypeService.swift; sourceTree = "<group>"; };
		3E3917BA1B77FF6B00F72EC5 /* TypeServiceImpl.swift */ = {isa = PBXFileReference; fileEncoding = 4; lastKnownFileType = sourcecode.swift; path = TypeServiceImpl.swift; sourceTree = "<group>"; };
		3E3917BB1B77FF6B00F72EC5 /* Service.swift */ = {isa = PBXFileReference; fileEncoding = 4; lastKnownFileType = sourcecode.swift; path = Service.swift; sourceTree = "<group>"; };
		3E3917BC1B77FF6B00F72EC5 /* ServiceBootstrap.swift */ = {isa = PBXFileReference; fileEncoding = 4; lastKnownFileType = sourcecode.swift; path = ServiceBootstrap.swift; sourceTree = "<group>"; };
		3E3917BD1B77FF6B00F72EC5 /* Services.swift */ = {isa = PBXFileReference; fileEncoding = 4; lastKnownFileType = sourcecode.swift; path = Services.swift; sourceTree = "<group>"; };
		3E3918631B780DDA00F72EC5 /* ArrayExtension.swift */ = {isa = PBXFileReference; fileEncoding = 4; lastKnownFileType = sourcecode.swift; path = ArrayExtension.swift; sourceTree = "<group>"; };
		3E39188D1B783B8600F72EC5 /* DatabaseServiceMock.swift */ = {isa = PBXFileReference; fileEncoding = 4; lastKnownFileType = sourcecode.swift; path = DatabaseServiceMock.swift; sourceTree = "<group>"; };
		3E3918901B783B8600F72EC5 /* AccountServiceMock.swift */ = {isa = PBXFileReference; fileEncoding = 4; lastKnownFileType = sourcecode.swift; path = AccountServiceMock.swift; sourceTree = "<group>"; };
		3E3918911B783B8600F72EC5 /* ItemServiceMock.swift */ = {isa = PBXFileReference; fileEncoding = 4; lastKnownFileType = sourcecode.swift; path = ItemServiceMock.swift; sourceTree = "<group>"; };
		3E3918931B783B8600F72EC5 /* LocationServiceImplSuite.swift */ = {isa = PBXFileReference; fileEncoding = 4; lastKnownFileType = sourcecode.swift; path = LocationServiceImplSuite.swift; sourceTree = "<group>"; };
		3E3918951B783B8600F72EC5 /* ParseServiceMock.swift */ = {isa = PBXFileReference; fileEncoding = 4; lastKnownFileType = sourcecode.swift; path = ParseServiceMock.swift; sourceTree = "<group>"; };
		3E39189D1B783C3100F72EC5 /* AppTestSuite.swift */ = {isa = PBXFileReference; fileEncoding = 4; lastKnownFileType = sourcecode.swift; path = AppTestSuite.swift; sourceTree = "<group>"; };
		3E3918C01B7845D200F72EC5 /* data-lite.sql */ = {isa = PBXFileReference; fileEncoding = 4; lastKnownFileType = text; name = "data-lite.sql"; path = "sql/data-lite.sql"; sourceTree = "<group>"; };
		3E3918C11B7845D200F72EC5 /* data.sql */ = {isa = PBXFileReference; fileEncoding = 4; lastKnownFileType = text; name = data.sql; path = sql/data.sql; sourceTree = "<group>"; };
		3E3918C21B7845D200F72EC5 /* schema.sql */ = {isa = PBXFileReference; fileEncoding = 4; lastKnownFileType = text; name = schema.sql; path = sql/schema.sql; sourceTree = "<group>"; };
		3E39195F1B81466500F72EC5 /* LoginViewHelper.swift */ = {isa = PBXFileReference; fileEncoding = 4; lastKnownFileType = sourcecode.swift; path = LoginViewHelper.swift; sourceTree = "<group>"; };
		3EBA5BB21BACB66500BB5C5A /* UserService.swift */ = {isa = PBXFileReference; fileEncoding = 4; lastKnownFileType = sourcecode.swift; path = UserService.swift; sourceTree = "<group>"; };
		3EBA5BB41BACB6AC00BB5C5A /* UserType.swift */ = {isa = PBXFileReference; fileEncoding = 4; lastKnownFileType = sourcecode.swift; path = UserType.swift; sourceTree = "<group>"; };
		3EBA5BB61BACB8D900BB5C5A /* UserServiceImpl.swift */ = {isa = PBXFileReference; fileEncoding = 4; lastKnownFileType = sourcecode.swift; path = UserServiceImpl.swift; sourceTree = "<group>"; };
		3EBA5BC11BACC1B100BB5C5A /* PFModel.swift */ = {isa = PBXFileReference; fileEncoding = 4; lastKnownFileType = sourcecode.swift; path = PFModel.swift; sourceTree = "<group>"; };
		3EBA5BC71BACC40B00BB5C5A /* SqlModel.swift */ = {isa = PBXFileReference; fileEncoding = 4; lastKnownFileType = sourcecode.swift; path = SqlModel.swift; sourceTree = "<group>"; };
		42132C2469852B9B0C48755B /* Pods-FledgerCommon.debug.xcconfig */ = {isa = PBXFileReference; includeInIndex = 1; lastKnownFileType = text.xcconfig; name = "Pods-FledgerCommon.debug.xcconfig"; path = "Pods/Target Support Files/Pods-FledgerCommon/Pods-FledgerCommon.debug.xcconfig"; sourceTree = "<group>"; };
		6316667B56CFE93257E82FAD /* Pods-FledgerCommonMac.release.xcconfig */ = {isa = PBXFileReference; includeInIndex = 1; lastKnownFileType = text.xcconfig; name = "Pods-FledgerCommonMac.release.xcconfig"; path = "Pods/Target Support Files/Pods-FledgerCommonMac/Pods-FledgerCommonMac.release.xcconfig"; sourceTree = "<group>"; };
		7384CD6024C33D5B30818ADE /* Pods_FledgerCommonMac.framework */ = {isa = PBXFileReference; explicitFileType = wrapper.framework; includeInIndex = 0; path = Pods_FledgerCommonMac.framework; sourceTree = BUILT_PRODUCTS_DIR; };
		E090A15EFAA1714B0A744BC9 /* Pods-FledgerCommonMac.debug.xcconfig */ = {isa = PBXFileReference; includeInIndex = 1; lastKnownFileType = text.xcconfig; name = "Pods-FledgerCommonMac.debug.xcconfig"; path = "Pods/Target Support Files/Pods-FledgerCommonMac/Pods-FledgerCommonMac.debug.xcconfig"; sourceTree = "<group>"; };
		E8DF7C06BBFFCBB7718A096E /* Pods-FledgerCommon.release.xcconfig */ = {isa = PBXFileReference; includeInIndex = 1; lastKnownFileType = text.xcconfig; name = "Pods-FledgerCommon.release.xcconfig"; path = "Pods/Target Support Files/Pods-FledgerCommon/Pods-FledgerCommon.release.xcconfig"; sourceTree = "<group>"; };
/* End PBXFileReference section */

/* Begin PBXFrameworksBuildPhase section */
		3E3917001B77F5C200F72EC5 /* Frameworks */ = {
			isa = PBXFrameworksBuildPhase;
			buildActionMask = 2147483647;
			files = (
				C74ED29B58A955AB5A81F6A7 /* Pods_FledgerCommon.framework in Frameworks */,
			);
			runOnlyForDeploymentPostprocessing = 0;
		};
		3E39170C1B77F5C200F72EC5 /* Frameworks */ = {
			isa = PBXFrameworksBuildPhase;
			buildActionMask = 2147483647;
			files = (
				3E3917101B77F5C200F72EC5 /* FledgerCommon.framework in Frameworks */,
			);
			runOnlyForDeploymentPostprocessing = 0;
		};
		3E3917211B77F60D00F72EC5 /* Frameworks */ = {
			isa = PBXFrameworksBuildPhase;
			buildActionMask = 2147483647;
			files = (
				0D8C8DE0980D82B16F67BE4E /* Pods_FledgerCommonMac.framework in Frameworks */,
			);
			runOnlyForDeploymentPostprocessing = 0;
		};
		3E39172C1B77F60D00F72EC5 /* Frameworks */ = {
			isa = PBXFrameworksBuildPhase;
			buildActionMask = 2147483647;
			files = (
				3E3917301B77F60D00F72EC5 /* FledgerCommon.framework in Frameworks */,
			);
			runOnlyForDeploymentPostprocessing = 0;
		};
/* End PBXFrameworksBuildPhase section */

/* Begin PBXGroup section */
		3E3916FA1B77F5C200F72EC5 = {
			isa = PBXGroup;
			children = (
				3E3917061B77F5C200F72EC5 /* FledgerCommon */,
				3E3917131B77F5C200F72EC5 /* FledgerCommonTests */,
				3E3917261B77F60D00F72EC5 /* FledgerCommonMac */,
				3E3917331B77F60D00F72EC5 /* FledgerCommonMacTests */,
				3E3917051B77F5C200F72EC5 /* Products */,
				F2DA40D380978F957A252452 /* Pods */,
				DEF3538158C455D41588F01E /* Frameworks */,
			);
			sourceTree = "<group>";
		};
		3E3917051B77F5C200F72EC5 /* Products */ = {
			isa = PBXGroup;
			children = (
				3E3917041B77F5C200F72EC5 /* FledgerCommon.framework */,
				3E39170F1B77F5C200F72EC5 /* FledgerCommonTests.xctest */,
				3E3917251B77F60D00F72EC5 /* FledgerCommon.framework */,
				3E39172F1B77F60D00F72EC5 /* FledgerCommonMacTests.xctest */,
			);
			name = Products;
			sourceTree = "<group>";
		};
		3E3917061B77F5C200F72EC5 /* FledgerCommon */ = {
			isa = PBXGroup;
			children = (
				3E39195E1B81464E00F72EC5 /* controllers */,
				3E39178F1B77FF6B00F72EC5 /* services */,
				3E3918621B780DDA00F72EC5 /* extensions */,
				3E3918CF1B7846D800F72EC5 /* sql */,
				3E3917071B77F5C200F72EC5 /* Supporting Files */,
				3E3917091B77F5C200F72EC5 /* FledgerCommon.h */,
			);
			path = FledgerCommon;
			sourceTree = "<group>";
		};
		3E3917071B77F5C200F72EC5 /* Supporting Files */ = {
			isa = PBXGroup;
			children = (
				3E3917081B77F5C200F72EC5 /* Info.plist */,
			);
			name = "Supporting Files";
			sourceTree = "<group>";
		};
		3E3917131B77F5C200F72EC5 /* FledgerCommonTests */ = {
			isa = PBXGroup;
			children = (
				3E39188C1B783B8600F72EC5 /* services */,
				3E39189C1B783C3100F72EC5 /* test */,
				3E3917141B77F5C200F72EC5 /* Supporting Files */,
			);
			path = FledgerCommonTests;
			sourceTree = "<group>";
		};
		3E3917141B77F5C200F72EC5 /* Supporting Files */ = {
			isa = PBXGroup;
			children = (
				3E3917151B77F5C200F72EC5 /* Info.plist */,
			);
			name = "Supporting Files";
			sourceTree = "<group>";
		};
		3E3917261B77F60D00F72EC5 /* FledgerCommonMac */ = {
			isa = PBXGroup;
			children = (
				3E3917291B77F60D00F72EC5 /* FledgerCommonMac.h */,
				3E3917271B77F60D00F72EC5 /* Supporting Files */,
			);
			path = FledgerCommonMac;
			sourceTree = "<group>";
		};
		3E3917271B77F60D00F72EC5 /* Supporting Files */ = {
			isa = PBXGroup;
			children = (
				3E3917281B77F60D00F72EC5 /* Info.plist */,
			);
			name = "Supporting Files";
			sourceTree = "<group>";
		};
		3E3917331B77F60D00F72EC5 /* FledgerCommonMacTests */ = {
			isa = PBXGroup;
			children = (
				3E3917361B77F60D00F72EC5 /* FledgerCommonMacTests.swift */,
				3E3917341B77F60D00F72EC5 /* Supporting Files */,
			);
			path = FledgerCommonMacTests;
			sourceTree = "<group>";
		};
		3E3917341B77F60D00F72EC5 /* Supporting Files */ = {
			isa = PBXGroup;
			children = (
				3E3917351B77F60D00F72EC5 /* Info.plist */,
			);
			name = "Supporting Files";
			sourceTree = "<group>";
		};
		3E39178F1B77FF6B00F72EC5 /* services */ = {
			isa = PBXGroup;
			children = (
				3E3917921B77FF6B00F72EC5 /* models */,
				3E3917901B77FF6B00F72EC5 /* DatabaseService.swift */,
				3E3917911B77FF6B00F72EC5 /* DatabaseServiceImpl.swift */,
				3E3917BB1B77FF6B00F72EC5 /* Service.swift */,
				3E3917BC1B77FF6B00F72EC5 /* ServiceBootstrap.swift */,
				3E3917BD1B77FF6B00F72EC5 /* Services.swift */,
			);
			path = services;
			sourceTree = "<group>";
		};
		3E3917921B77FF6B00F72EC5 /* models */ = {
			isa = PBXGroup;
			children = (
				3EBA5BB11BACB65400BB5C5A /* user */,
				3E3917931B77FF6B00F72EC5 /* account */,
				3E3917971B77FF6B00F72EC5 /* aggregate */,
				3E39179E1B77FF6B00F72EC5 /* group */,
				3E3917A21B77FF6B00F72EC5 /* item */,
				3E3917A71B77FF6B00F72EC5 /* location */,
				3E3917B01B77FF6B00F72EC5 /* parse */,
				3EBA5BC61BACC3FD00BB5C5A /* sqlite */,
				3E3917B71B77FF6B00F72EC5 /* type */,
				3E39179B1B77FF6B00F72EC5 /* DeletedModel.swift */,
				3E39179C1B77FF6B00F72EC5 /* Fields.swift */,
				3E39179D1B77FF6B00F72EC5 /* Filters.swift */,
				3E3917AD1B77FF6B00F72EC5 /* Model.swift */,
				3E3917AF1B77FF6B00F72EC5 /* ModelType.swift */,
				3E3917AE1B77FF6B00F72EC5 /* ModelService.swift */,
				3E3917B61B77FF6B00F72EC5 /* StandardModelServiceImpl.swift */,
				3E3917AC1B77FF6B00F72EC5 /* MemoryModelServiceImpl.swift */,
			);
			path = models;
			sourceTree = "<group>";
		};
		3E3917931B77FF6B00F72EC5 /* account */ = {
			isa = PBXGroup;
			children = (
				3E3917941B77FF6B00F72EC5 /* Account.swift */,
				3E3917951B77FF6B00F72EC5 /* AccountService.swift */,
				3E3917961B77FF6B00F72EC5 /* AccountServiceImpl.swift */,
			);
			path = account;
			sourceTree = "<group>";
		};
		3E3917971B77FF6B00F72EC5 /* aggregate */ = {
			isa = PBXGroup;
			children = (
				3E3917981B77FF6B00F72EC5 /* Aggregate.swift */,
				3E3917991B77FF6B00F72EC5 /* AggregateService.swift */,
				3E39179A1B77FF6B00F72EC5 /* AggregateServiceImpl.swift */,
			);
			path = aggregate;
			sourceTree = "<group>";
		};
		3E39179E1B77FF6B00F72EC5 /* group */ = {
			isa = PBXGroup;
			children = (
				3E39179F1B77FF6B00F72EC5 /* Group.swift */,
				3E3917A01B77FF6B00F72EC5 /* GroupService.swift */,
				3E3917A11B77FF6B00F72EC5 /* GroupServiceImpl.swift */,
			);
			path = group;
			sourceTree = "<group>";
		};
		3E3917A21B77FF6B00F72EC5 /* item */ = {
			isa = PBXGroup;
			children = (
				3E3917A31B77FF6B00F72EC5 /* Item.swift */,
				3E3917A41B77FF6B00F72EC5 /* ItemFilters.swift */,
				3E3917A51B77FF6B00F72EC5 /* ItemService.swift */,
				3E3917A61B77FF6B00F72EC5 /* ItemServiceImpl.swift */,
			);
			path = item;
			sourceTree = "<group>";
		};
		3E3917A71B77FF6B00F72EC5 /* location */ = {
			isa = PBXGroup;
			children = (
				3E3917A81B77FF6B00F72EC5 /* Location.swift */,
				3E3917A91B77FF6B00F72EC5 /* LocationAnnotation.swift */,
				3E3917AA1B77FF6B00F72EC5 /* LocationService.swift */,
				3E3917AB1B77FF6B00F72EC5 /* LocationServiceImpl.swift */,
			);
			path = location;
			sourceTree = "<group>";
		};
		3E3917B01B77FF6B00F72EC5 /* parse */ = {
			isa = PBXGroup;
			children = (
				3E3917B11B77FF6B00F72EC5 /* ParseFilters.swift */,
				3E3917B21B77FF6B00F72EC5 /* ParseModel.swift */,
				3EBA5BC11BACC1B100BB5C5A /* PFModel.swift */,
				3E3917B31B77FF6B00F72EC5 /* ParseService.swift */,
				3E3917B41B77FF6B00F72EC5 /* ParseServiceImpl.swift */,
				3E3917B51B77FF6B00F72EC5 /* PFObjectConvertible.swift */,
			);
			path = parse;
			sourceTree = "<group>";
		};
		3E3917B71B77FF6B00F72EC5 /* type */ = {
			isa = PBXGroup;
			children = (
				3E3917B81B77FF6B00F72EC5 /* Type.swift */,
				3E3917B91B77FF6B00F72EC5 /* TypeService.swift */,
				3E3917BA1B77FF6B00F72EC5 /* TypeServiceImpl.swift */,
			);
			path = type;
			sourceTree = "<group>";
		};
		3E3918621B780DDA00F72EC5 /* extensions */ = {
			isa = PBXGroup;
			children = (
				3E3918631B780DDA00F72EC5 /* ArrayExtension.swift */,
			);
			path = extensions;
			sourceTree = "<group>";
		};
		3E39188C1B783B8600F72EC5 /* services */ = {
			isa = PBXGroup;
			children = (
				3E39188D1B783B8600F72EC5 /* DatabaseServiceMock.swift */,
				3E39188E1B783B8600F72EC5 /* models */,
			);
			path = services;
			sourceTree = "<group>";
		};
		3E39188E1B783B8600F72EC5 /* models */ = {
			isa = PBXGroup;
			children = (
				3E39188F1B783B8600F72EC5 /* account */,
				3E39189B1B783B9500F72EC5 /* item */,
				3E3918921B783B8600F72EC5 /* location */,
				3E3918941B783B8600F72EC5 /* parse */,
			);
			path = models;
			sourceTree = "<group>";
		};
		3E39188F1B783B8600F72EC5 /* account */ = {
			isa = PBXGroup;
			children = (
				3E3918901B783B8600F72EC5 /* AccountServiceMock.swift */,
			);
			path = account;
			sourceTree = "<group>";
		};
		3E3918921B783B8600F72EC5 /* location */ = {
			isa = PBXGroup;
			children = (
				3E3918931B783B8600F72EC5 /* LocationServiceImplSuite.swift */,
			);
			path = location;
			sourceTree = "<group>";
		};
		3E3918941B783B8600F72EC5 /* parse */ = {
			isa = PBXGroup;
			children = (
				3E3918951B783B8600F72EC5 /* ParseServiceMock.swift */,
			);
			path = parse;
			sourceTree = "<group>";
		};
		3E39189B1B783B9500F72EC5 /* item */ = {
			isa = PBXGroup;
			children = (
				3E3918911B783B8600F72EC5 /* ItemServiceMock.swift */,
			);
			name = item;
			sourceTree = "<group>";
		};
		3E39189C1B783C3100F72EC5 /* test */ = {
			isa = PBXGroup;
			children = (
				3E39189D1B783C3100F72EC5 /* AppTestSuite.swift */,
			);
			path = test;
			sourceTree = "<group>";
		};
		3E3918CF1B7846D800F72EC5 /* sql */ = {
			isa = PBXGroup;
			children = (
				3E3918C01B7845D200F72EC5 /* data-lite.sql */,
				3E3918C11B7845D200F72EC5 /* data.sql */,
				3E3918C21B7845D200F72EC5 /* schema.sql */,
			);
			name = sql;
			sourceTree = "<group>";
		};
		3E39195E1B81464E00F72EC5 /* controllers */ = {
			isa = PBXGroup;
			children = (
				3E39195F1B81466500F72EC5 /* LoginViewHelper.swift */,
			);
			name = controllers;
			sourceTree = "<group>";
		};
		3EBA5BB11BACB65400BB5C5A /* user */ = {
			isa = PBXGroup;
			children = (
				3EBA5BB21BACB66500BB5C5A /* UserService.swift */,
				3EBA5BB61BACB8D900BB5C5A /* UserServiceImpl.swift */,
				3EBA5BB41BACB6AC00BB5C5A /* UserType.swift */,
			);
			name = user;
			sourceTree = "<group>";
		};
		3EBA5BC61BACC3FD00BB5C5A /* sqlite */ = {
			isa = PBXGroup;
			children = (
				3EBA5BC71BACC40B00BB5C5A /* SqlModel.swift */,
			);
			name = sqlite;
			sourceTree = "<group>";
		};
		DEF3538158C455D41588F01E /* Frameworks */ = {
			isa = PBXGroup;
			children = (
				202B0DBA3E8C876B2BF52924 /* Pods_FledgerCommon.framework */,
				7384CD6024C33D5B30818ADE /* Pods_FledgerCommonMac.framework */,
			);
			name = Frameworks;
			sourceTree = "<group>";
		};
		F2DA40D380978F957A252452 /* Pods */ = {
			isa = PBXGroup;
			children = (
				42132C2469852B9B0C48755B /* Pods-FledgerCommon.debug.xcconfig */,
				E8DF7C06BBFFCBB7718A096E /* Pods-FledgerCommon.release.xcconfig */,
				E090A15EFAA1714B0A744BC9 /* Pods-FledgerCommonMac.debug.xcconfig */,
				6316667B56CFE93257E82FAD /* Pods-FledgerCommonMac.release.xcconfig */,
			);
			name = Pods;
			sourceTree = "<group>";
		};
/* End PBXGroup section */

/* Begin PBXHeadersBuildPhase section */
		3E3917011B77F5C200F72EC5 /* Headers */ = {
			isa = PBXHeadersBuildPhase;
			buildActionMask = 2147483647;
			files = (
				3E39170A1B77F5C200F72EC5 /* FledgerCommon.h in Headers */,
			);
			runOnlyForDeploymentPostprocessing = 0;
		};
		3E3917221B77F60D00F72EC5 /* Headers */ = {
			isa = PBXHeadersBuildPhase;
			buildActionMask = 2147483647;
			files = (
				3E39172A1B77F60D00F72EC5 /* FledgerCommonMac.h in Headers */,
			);
			runOnlyForDeploymentPostprocessing = 0;
		};
/* End PBXHeadersBuildPhase section */

/* Begin PBXNativeTarget section */
		3E3917031B77F5C200F72EC5 /* FledgerCommon */ = {
			isa = PBXNativeTarget;
			buildConfigurationList = 3E39171A1B77F5C200F72EC5 /* Build configuration list for PBXNativeTarget "FledgerCommon" */;
			buildPhases = (
				32E4763E0A52D63E5DB7CEEF /* Check Pods Manifest.lock */,
				3E3916FF1B77F5C200F72EC5 /* Sources */,
				3E3917001B77F5C200F72EC5 /* Frameworks */,
				3E3917011B77F5C200F72EC5 /* Headers */,
				3E3917021B77F5C200F72EC5 /* Resources */,
				70C5464EC0AB0CBC04034D38 /* Copy Pods Resources */,
			);
			buildRules = (
			);
			dependencies = (
			);
			name = FledgerCommon;
			productName = FledgerCommon;
			productReference = 3E3917041B77F5C200F72EC5 /* FledgerCommon.framework */;
			productType = "com.apple.product-type.framework";
		};
		3E39170E1B77F5C200F72EC5 /* FledgerCommonTests */ = {
			isa = PBXNativeTarget;
			buildConfigurationList = 3E39171D1B77F5C200F72EC5 /* Build configuration list for PBXNativeTarget "FledgerCommonTests" */;
			buildPhases = (
				3E39170B1B77F5C200F72EC5 /* Sources */,
				3E39170C1B77F5C200F72EC5 /* Frameworks */,
				3E39170D1B77F5C200F72EC5 /* Resources */,
			);
			buildRules = (
			);
			dependencies = (
				3E3917121B77F5C200F72EC5 /* PBXTargetDependency */,
			);
			name = FledgerCommonTests;
			productName = FledgerCommonTests;
			productReference = 3E39170F1B77F5C200F72EC5 /* FledgerCommonTests.xctest */;
			productType = "com.apple.product-type.bundle.unit-test";
		};
		3E3917241B77F60D00F72EC5 /* FledgerCommonMac */ = {
			isa = PBXNativeTarget;
			buildConfigurationList = 3E3917381B77F60D00F72EC5 /* Build configuration list for PBXNativeTarget "FledgerCommonMac" */;
			buildPhases = (
				D9E24DA370F3120A4B3E06EA /* Check Pods Manifest.lock */,
				3E3917201B77F60D00F72EC5 /* Sources */,
				3E3917211B77F60D00F72EC5 /* Frameworks */,
				3E3917221B77F60D00F72EC5 /* Headers */,
				3E3917231B77F60D00F72EC5 /* Resources */,
				AF789B60D135FAF254E9BAC4 /* Copy Pods Resources */,
			);
			buildRules = (
			);
			dependencies = (
			);
			name = FledgerCommonMac;
			productName = FledgerCommonMac;
			productReference = 3E3917251B77F60D00F72EC5 /* FledgerCommon.framework */;
			productType = "com.apple.product-type.framework";
		};
		3E39172E1B77F60D00F72EC5 /* FledgerCommonMacTests */ = {
			isa = PBXNativeTarget;
			buildConfigurationList = 3E39173B1B77F60D00F72EC5 /* Build configuration list for PBXNativeTarget "FledgerCommonMacTests" */;
			buildPhases = (
				3E39172B1B77F60D00F72EC5 /* Sources */,
				3E39172C1B77F60D00F72EC5 /* Frameworks */,
				3E39172D1B77F60D00F72EC5 /* Resources */,
			);
			buildRules = (
			);
			dependencies = (
				3E3917321B77F60D00F72EC5 /* PBXTargetDependency */,
			);
			name = FledgerCommonMacTests;
			productName = FledgerCommonMacTests;
			productReference = 3E39172F1B77F60D00F72EC5 /* FledgerCommonMacTests.xctest */;
			productType = "com.apple.product-type.bundle.unit-test";
		};
/* End PBXNativeTarget section */

/* Begin PBXProject section */
		3E3916FB1B77F5C200F72EC5 /* Project object */ = {
			isa = PBXProject;
			attributes = {
				LastSwiftMigration = 0700;
				LastSwiftUpdateCheck = 0700;
				LastUpgradeCheck = 0700;
				ORGANIZATIONNAME = "Robert Conrad";
				TargetAttributes = {
					3E3917031B77F5C200F72EC5 = {
						CreatedOnToolsVersion = 6.4;
						DevelopmentTeam = 6QGVA9LTPG;
					};
					3E39170E1B77F5C200F72EC5 = {
						CreatedOnToolsVersion = 6.4;
					};
					3E3917241B77F60D00F72EC5 = {
						CreatedOnToolsVersion = 6.4;
					};
					3E39172E1B77F60D00F72EC5 = {
						CreatedOnToolsVersion = 6.4;
					};
				};
			};
			buildConfigurationList = 3E3916FE1B77F5C200F72EC5 /* Build configuration list for PBXProject "FledgerCommon" */;
			compatibilityVersion = "Xcode 3.2";
			developmentRegion = English;
			hasScannedForEncodings = 0;
			knownRegions = (
				en,
			);
			mainGroup = 3E3916FA1B77F5C200F72EC5;
			productRefGroup = 3E3917051B77F5C200F72EC5 /* Products */;
			projectDirPath = "";
			projectRoot = "";
			targets = (
				3E3917031B77F5C200F72EC5 /* FledgerCommon */,
				3E39170E1B77F5C200F72EC5 /* FledgerCommonTests */,
				3E3917241B77F60D00F72EC5 /* FledgerCommonMac */,
				3E39172E1B77F60D00F72EC5 /* FledgerCommonMacTests */,
			);
		};
/* End PBXProject section */

/* Begin PBXResourcesBuildPhase section */
		3E3917021B77F5C200F72EC5 /* Resources */ = {
			isa = PBXResourcesBuildPhase;
			buildActionMask = 2147483647;
			files = (
				3E3918CB1B7845D200F72EC5 /* schema.sql in Resources */,
				3E3918C71B7845D200F72EC5 /* data.sql in Resources */,
				3E3918C31B7845D200F72EC5 /* data-lite.sql in Resources */,
			);
			runOnlyForDeploymentPostprocessing = 0;
		};
		3E39170D1B77F5C200F72EC5 /* Resources */ = {
			isa = PBXResourcesBuildPhase;
			buildActionMask = 2147483647;
			files = (
				3E3918CC1B7845D200F72EC5 /* schema.sql in Resources */,
				3E3918C81B7845D200F72EC5 /* data.sql in Resources */,
				3E3918C41B7845D200F72EC5 /* data-lite.sql in Resources */,
			);
			runOnlyForDeploymentPostprocessing = 0;
		};
		3E3917231B77F60D00F72EC5 /* Resources */ = {
			isa = PBXResourcesBuildPhase;
			buildActionMask = 2147483647;
			files = (
				3E3918CD1B7845D200F72EC5 /* schema.sql in Resources */,
				3E3918C91B7845D200F72EC5 /* data.sql in Resources */,
				3E3918C51B7845D200F72EC5 /* data-lite.sql in Resources */,
			);
			runOnlyForDeploymentPostprocessing = 0;
		};
		3E39172D1B77F60D00F72EC5 /* Resources */ = {
			isa = PBXResourcesBuildPhase;
			buildActionMask = 2147483647;
			files = (
				3E3918CE1B7845D200F72EC5 /* schema.sql in Resources */,
				3E3918CA1B7845D200F72EC5 /* data.sql in Resources */,
				3E3918C61B7845D200F72EC5 /* data-lite.sql in Resources */,
			);
			runOnlyForDeploymentPostprocessing = 0;
		};
/* End PBXResourcesBuildPhase section */

/* Begin PBXShellScriptBuildPhase section */
		32E4763E0A52D63E5DB7CEEF /* Check Pods Manifest.lock */ = {
			isa = PBXShellScriptBuildPhase;
			buildActionMask = 2147483647;
			files = (
			);
			inputPaths = (
			);
			name = "Check Pods Manifest.lock";
			outputPaths = (
			);
			runOnlyForDeploymentPostprocessing = 0;
			shellPath = /bin/sh;
			shellScript = "diff \"${PODS_ROOT}/../Podfile.lock\" \"${PODS_ROOT}/Manifest.lock\" > /dev/null\nif [[ $? != 0 ]] ; then\n    cat << EOM\nerror: The sandbox is not in sync with the Podfile.lock. Run 'pod install' or update your CocoaPods installation.\nEOM\n    exit 1\nfi\n";
			showEnvVarsInLog = 0;
		};
		70C5464EC0AB0CBC04034D38 /* Copy Pods Resources */ = {
			isa = PBXShellScriptBuildPhase;
			buildActionMask = 2147483647;
			files = (
			);
			inputPaths = (
			);
			name = "Copy Pods Resources";
			outputPaths = (
			);
			runOnlyForDeploymentPostprocessing = 0;
			shellPath = /bin/sh;
			shellScript = "\"${SRCROOT}/Pods/Target Support Files/Pods-FledgerCommon/Pods-FledgerCommon-resources.sh\"\n";
			showEnvVarsInLog = 0;
		};
		AF789B60D135FAF254E9BAC4 /* Copy Pods Resources */ = {
			isa = PBXShellScriptBuildPhase;
			buildActionMask = 2147483647;
			files = (
			);
			inputPaths = (
			);
			name = "Copy Pods Resources";
			outputPaths = (
			);
			runOnlyForDeploymentPostprocessing = 0;
			shellPath = /bin/sh;
			shellScript = "\"${SRCROOT}/Pods/Target Support Files/Pods-FledgerCommonMac/Pods-FledgerCommonMac-resources.sh\"\n";
			showEnvVarsInLog = 0;
		};
		D9E24DA370F3120A4B3E06EA /* Check Pods Manifest.lock */ = {
			isa = PBXShellScriptBuildPhase;
			buildActionMask = 2147483647;
			files = (
			);
			inputPaths = (
			);
			name = "Check Pods Manifest.lock";
			outputPaths = (
			);
			runOnlyForDeploymentPostprocessing = 0;
			shellPath = /bin/sh;
			shellScript = "diff \"${PODS_ROOT}/../Podfile.lock\" \"${PODS_ROOT}/Manifest.lock\" > /dev/null\nif [[ $? != 0 ]] ; then\n    cat << EOM\nerror: The sandbox is not in sync with the Podfile.lock. Run 'pod install' or update your CocoaPods installation.\nEOM\n    exit 1\nfi\n";
			showEnvVarsInLog = 0;
		};
/* End PBXShellScriptBuildPhase section */

/* Begin PBXSourcesBuildPhase section */
		3E3916FF1B77F5C200F72EC5 /* Sources */ = {
			isa = PBXSourcesBuildPhase;
			buildActionMask = 2147483647;
			files = (
				3E3917FE1B77FF6B00F72EC5 /* ItemService.swift in Sources */,
				3E3918221B77FF6B00F72EC5 /* ModelType.swift in Sources */,
				3EBA5BB51BACB6AC00BB5C5A /* UserType.swift in Sources */,
				3E3917FA1B77FF6B00F72EC5 /* ItemFilters.swift in Sources */,
				3E3918121B77FF6B00F72EC5 /* LocationServiceImpl.swift in Sources */,
				3E3918261B77FF6B00F72EC5 /* ParseFilters.swift in Sources */,
				3E3917BE1B77FF6B00F72EC5 /* DatabaseService.swift in Sources */,
				3E3917D61B77FF6B00F72EC5 /* AggregateService.swift in Sources */,
				3E3917EA1B77FF6B00F72EC5 /* Group.swift in Sources */,
				3E39181A1B77FF6B00F72EC5 /* Model.swift in Sources */,
				3E3918021B77FF6B00F72EC5 /* ItemServiceImpl.swift in Sources */,
				3E3917F21B77FF6B00F72EC5 /* GroupServiceImpl.swift in Sources */,
				3E3917E21B77FF6B00F72EC5 /* Fields.swift in Sources */,
				3E3918651B780DDA00F72EC5 /* ArrayExtension.swift in Sources */,
				3E39183A1B77FF6B00F72EC5 /* StandardModelServiceImpl.swift in Sources */,
				3E3917D21B77FF6B00F72EC5 /* Aggregate.swift in Sources */,
				3E3918361B77FF6B00F72EC5 /* PFObjectConvertible.swift in Sources */,
				3E39184A1B77FF6B00F72EC5 /* Service.swift in Sources */,
				3E3917E61B77FF6B00F72EC5 /* Filters.swift in Sources */,
				3E39181E1B77FF6B00F72EC5 /* ModelService.swift in Sources */,
				3E3918321B77FF6B00F72EC5 /* ParseServiceImpl.swift in Sources */,
				3E3918161B77FF6B00F72EC5 /* MemoryModelServiceImpl.swift in Sources */,
				3E3917C21B77FF6B00F72EC5 /* DatabaseServiceImpl.swift in Sources */,
				3E3918061B77FF6B00F72EC5 /* Location.swift in Sources */,
				3E3917CE1B77FF6B00F72EC5 /* AccountServiceImpl.swift in Sources */,
				3EBA5BC81BACC40B00BB5C5A /* SqlModel.swift in Sources */,
				3E3918421B77FF6B00F72EC5 /* TypeService.swift in Sources */,
				3E3917DE1B77FF6B00F72EC5 /* DeletedModel.swift in Sources */,
				3E39182A1B77FF6B00F72EC5 /* ParseModel.swift in Sources */,
				3E39183E1B77FF6B00F72EC5 /* Type.swift in Sources */,
				3E39180E1B77FF6B00F72EC5 /* LocationService.swift in Sources */,
				3E3918521B77FF6B00F72EC5 /* Services.swift in Sources */,
				3EBA5BC21BACC1B100BB5C5A /* PFModel.swift in Sources */,
				3E39182E1B77FF6B00F72EC5 /* ParseService.swift in Sources */,
				3E39184E1B77FF6B00F72EC5 /* ServiceBootstrap.swift in Sources */,
				3E3917CA1B77FF6B00F72EC5 /* AccountService.swift in Sources */,
				3E3917F61B77FF6B00F72EC5 /* Item.swift in Sources */,
				3E3919601B81466500F72EC5 /* LoginViewHelper.swift in Sources */,
				3E3918461B77FF6B00F72EC5 /* TypeServiceImpl.swift in Sources */,
				3E3917EE1B77FF6B00F72EC5 /* GroupService.swift in Sources */,
				3EBA5BB71BACB8D900BB5C5A /* UserServiceImpl.swift in Sources */,
				3E3917C61B77FF6B00F72EC5 /* Account.swift in Sources */,
				3E3917DA1B77FF6B00F72EC5 /* AggregateServiceImpl.swift in Sources */,
				3EBA5BB31BACB66500BB5C5A /* UserService.swift in Sources */,
				3E39180A1B77FF6B00F72EC5 /* LocationAnnotation.swift in Sources */,
			);
			runOnlyForDeploymentPostprocessing = 0;
		};
		3E39170B1B77F5C200F72EC5 /* Sources */ = {
			isa = PBXSourcesBuildPhase;
			buildActionMask = 2147483647;
			files = (
				3E3917F71B77FF6B00F72EC5 /* Item.swift in Sources */,
				3E39189A1B783B8600F72EC5 /* ParseServiceMock.swift in Sources */,
				3EBA5BBD1BACBCCA00BB5C5A /* UserServiceImpl.swift in Sources */,
				3E3918271B77FF6B00F72EC5 /* ParseFilters.swift in Sources */,
				3E3918371B77FF6B00F72EC5 /* PFObjectConvertible.swift in Sources */,
				3E3917E31B77FF6B00F72EC5 /* Fields.swift in Sources */,
				3E3918531B77FF6B00F72EC5 /* Services.swift in Sources */,
				3E3918431B77FF6B00F72EC5 /* TypeService.swift in Sources */,
				3E39182F1B77FF6B00F72EC5 /* ParseService.swift in Sources */,
				3E3917EF1B77FF6B00F72EC5 /* GroupService.swift in Sources */,
				3E3917EB1B77FF6B00F72EC5 /* Group.swift in Sources */,
				3E3917E71B77FF6B00F72EC5 /* Filters.swift in Sources */,
				3E3917CB1B77FF6B00F72EC5 /* AccountService.swift in Sources */,
				3E3917FF1B77FF6B00F72EC5 /* ItemService.swift in Sources */,
				3E3917CF1B77FF6B00F72EC5 /* AccountServiceImpl.swift in Sources */,
				3E3918171B77FF6B00F72EC5 /* MemoryModelServiceImpl.swift in Sources */,
				3E39182B1B77FF6B00F72EC5 /* ParseModel.swift in Sources */,
				3E39189E1B783C3100F72EC5 /* AppTestSuite.swift in Sources */,
				3E3918971B783B8600F72EC5 /* AccountServiceMock.swift in Sources */,
				3E3917C31B77FF6B00F72EC5 /* DatabaseServiceImpl.swift in Sources */,
				3E3917BF1B77FF6B00F72EC5 /* DatabaseService.swift in Sources */,
				3E3918981B783B8600F72EC5 /* ItemServiceMock.swift in Sources */,
				3E3918071B77FF6B00F72EC5 /* Location.swift in Sources */,
				3EBA5BC41BACC23C00BB5C5A /* PFModel.swift in Sources */,
				3E3917D71B77FF6B00F72EC5 /* AggregateService.swift in Sources */,
				3EBA5BBC1BACBCC500BB5C5A /* UserService.swift in Sources */,
				3E3918471B77FF6B00F72EC5 /* TypeServiceImpl.swift in Sources */,
				3E3917DB1B77FF6B00F72EC5 /* AggregateServiceImpl.swift in Sources */,
				3EBA5BCA1BACC40E00BB5C5A /* SqlModel.swift in Sources */,
				3E3917F31B77FF6B00F72EC5 /* GroupServiceImpl.swift in Sources */,
				3E3918961B783B8600F72EC5 /* DatabaseServiceMock.swift in Sources */,
				3E3917C71B77FF6B00F72EC5 /* Account.swift in Sources */,
				3EBA5BBF1BACBCCD00BB5C5A /* UserType.swift in Sources */,
				3E39181F1B77FF6B00F72EC5 /* ModelService.swift in Sources */,
				3E3918031B77FF6B00F72EC5 /* ItemServiceImpl.swift in Sources */,
				3E3918E71B812E2300F72EC5 /* ArrayExtension.swift in Sources */,
				3E39184B1B77FF6B00F72EC5 /* Service.swift in Sources */,
				3E39184F1B77FF6B00F72EC5 /* ServiceBootstrap.swift in Sources */,
				3E3918331B77FF6B00F72EC5 /* ParseServiceImpl.swift in Sources */,
				3E39180B1B77FF6B00F72EC5 /* LocationAnnotation.swift in Sources */,
				3E3918131B77FF6B00F72EC5 /* LocationServiceImpl.swift in Sources */,
				3E3918991B783B8600F72EC5 /* LocationServiceImplSuite.swift in Sources */,
				3E3917D31B77FF6B00F72EC5 /* Aggregate.swift in Sources */,
				3E3917DF1B77FF6B00F72EC5 /* DeletedModel.swift in Sources */,
				3E39180F1B77FF6B00F72EC5 /* LocationService.swift in Sources */,
				3E39183F1B77FF6B00F72EC5 /* Type.swift in Sources */,
				3E3918231B77FF6B00F72EC5 /* ModelType.swift in Sources */,
				3E39183B1B77FF6B00F72EC5 /* StandardModelServiceImpl.swift in Sources */,
				3E39181B1B77FF6B00F72EC5 /* Model.swift in Sources */,
				3E3919611B81466500F72EC5 /* LoginViewHelper.swift in Sources */,
				3E3917FB1B77FF6B00F72EC5 /* ItemFilters.swift in Sources */,
			);
			runOnlyForDeploymentPostprocessing = 0;
		};
		3E3917201B77F60D00F72EC5 /* Sources */ = {
			isa = PBXSourcesBuildPhase;
			buildActionMask = 2147483647;
			files = (
				3E3918001B77FF6B00F72EC5 /* ItemService.swift in Sources */,
				3E3918241B77FF6B00F72EC5 /* ModelType.swift in Sources */,
				3EBA5BB91BACB8DE00BB5C5A /* UserType.swift in Sources */,
				3E3917FC1B77FF6B00F72EC5 /* ItemFilters.swift in Sources */,
				3E3918141B77FF6B00F72EC5 /* LocationServiceImpl.swift in Sources */,
				3E3918281B77FF6B00F72EC5 /* ParseFilters.swift in Sources */,
				3E3917C01B77FF6B00F72EC5 /* DatabaseService.swift in Sources */,
				3E3917D81B77FF6B00F72EC5 /* AggregateService.swift in Sources */,
				3E3917EC1B77FF6B00F72EC5 /* Group.swift in Sources */,
				3E39181C1B77FF6B00F72EC5 /* Model.swift in Sources */,
				3E3918041B77FF6B00F72EC5 /* ItemServiceImpl.swift in Sources */,
				3E3917F41B77FF6B00F72EC5 /* GroupServiceImpl.swift in Sources */,
				3E3917E41B77FF6B00F72EC5 /* Fields.swift in Sources */,
				3E3918E61B812E2200F72EC5 /* ArrayExtension.swift in Sources */,
				3E39183C1B77FF6B00F72EC5 /* StandardModelServiceImpl.swift in Sources */,
				3E3917D41B77FF6B00F72EC5 /* Aggregate.swift in Sources */,
				3E3918381B77FF6B00F72EC5 /* PFObjectConvertible.swift in Sources */,
				3E39184C1B77FF6B00F72EC5 /* Service.swift in Sources */,
				3EBA5BBA1BACB8E100BB5C5A /* UserService.swift in Sources */,
				3E3917E81B77FF6B00F72EC5 /* Filters.swift in Sources */,
				3EBA5BB81BACB8D900BB5C5A /* UserServiceImpl.swift in Sources */,
				3E3918201B77FF6B00F72EC5 /* ModelService.swift in Sources */,
				3E3918341B77FF6B00F72EC5 /* ParseServiceImpl.swift in Sources */,
				3E3918181B77FF6B00F72EC5 /* MemoryModelServiceImpl.swift in Sources */,
				3E3917C41B77FF6B00F72EC5 /* DatabaseServiceImpl.swift in Sources */,
				3EBA5BC91BACC40B00BB5C5A /* SqlModel.swift in Sources */,
				3E3918081B77FF6B00F72EC5 /* Location.swift in Sources */,
				3E3917D01B77FF6B00F72EC5 /* AccountServiceImpl.swift in Sources */,
				3E3918441B77FF6B00F72EC5 /* TypeService.swift in Sources */,
				3E3917E01B77FF6B00F72EC5 /* DeletedModel.swift in Sources */,
				3E39182C1B77FF6B00F72EC5 /* ParseModel.swift in Sources */,
				3E3918401B77FF6B00F72EC5 /* Type.swift in Sources */,
				3EBA5BC31BACC1B100BB5C5A /* PFModel.swift in Sources */,
				3E3918101B77FF6B00F72EC5 /* LocationService.swift in Sources */,
				3E3918541B77FF6B00F72EC5 /* Services.swift in Sources */,
				3E3918301B77FF6B00F72EC5 /* ParseService.swift in Sources */,
				3E3918501B77FF6B00F72EC5 /* ServiceBootstrap.swift in Sources */,
				3E3917CC1B77FF6B00F72EC5 /* AccountService.swift in Sources */,
				3E3917F81B77FF6B00F72EC5 /* Item.swift in Sources */,
				3E3919621B81466500F72EC5 /* LoginViewHelper.swift in Sources */,
				3E3918481B77FF6B00F72EC5 /* TypeServiceImpl.swift in Sources */,
				3E3917F01B77FF6B00F72EC5 /* GroupService.swift in Sources */,
				3E3917C81B77FF6B00F72EC5 /* Account.swift in Sources */,
				3E3917DC1B77FF6B00F72EC5 /* AggregateServiceImpl.swift in Sources */,
				3E39180C1B77FF6B00F72EC5 /* LocationAnnotation.swift in Sources */,
			);
			runOnlyForDeploymentPostprocessing = 0;
		};
		3E39172B1B77F60D00F72EC5 /* Sources */ = {
			isa = PBXSourcesBuildPhase;
			buildActionMask = 2147483647;
			files = (
				3E3917F91B77FF6B00F72EC5 /* Item.swift in Sources */,
				3E3918291B77FF6B00F72EC5 /* ParseFilters.swift in Sources */,
				3E3918391B77FF6B00F72EC5 /* PFObjectConvertible.swift in Sources */,
				3E3917E51B77FF6B00F72EC5 /* Fields.swift in Sources */,
				3E3918551B77FF6B00F72EC5 /* Services.swift in Sources */,
				3E3918451B77FF6B00F72EC5 /* TypeService.swift in Sources */,
				3E3918311B77FF6B00F72EC5 /* ParseService.swift in Sources */,
				3E3917F11B77FF6B00F72EC5 /* GroupService.swift in Sources */,
				3E3917ED1B77FF6B00F72EC5 /* Group.swift in Sources */,
				3E3917E91B77FF6B00F72EC5 /* Filters.swift in Sources */,
				3E3917CD1B77FF6B00F72EC5 /* AccountService.swift in Sources */,
				3E3918011B77FF6B00F72EC5 /* ItemService.swift in Sources */,
				3E3917D11B77FF6B00F72EC5 /* AccountServiceImpl.swift in Sources */,
				3E3918191B77FF6B00F72EC5 /* MemoryModelServiceImpl.swift in Sources */,
				3EBA5BBB1BACBCC500BB5C5A /* UserService.swift in Sources */,
				3E39182D1B77FF6B00F72EC5 /* ParseModel.swift in Sources */,
				3E3917C51B77FF6B00F72EC5 /* DatabaseServiceImpl.swift in Sources */,
				3E3917C11B77FF6B00F72EC5 /* DatabaseService.swift in Sources */,
				3E3918091B77FF6B00F72EC5 /* Location.swift in Sources */,
				3E3917D91B77FF6B00F72EC5 /* AggregateService.swift in Sources */,
				3E3917371B77F60D00F72EC5 /* FledgerCommonMacTests.swift in Sources */,
				3E3918491B77FF6B00F72EC5 /* TypeServiceImpl.swift in Sources */,
				3E3917DD1B77FF6B00F72EC5 /* AggregateServiceImpl.swift in Sources */,
				3E3917F51B77FF6B00F72EC5 /* GroupServiceImpl.swift in Sources */,
				3E3917C91B77FF6B00F72EC5 /* Account.swift in Sources */,
				3E3918211B77FF6B00F72EC5 /* ModelService.swift in Sources */,
				3E3918051B77FF6B00F72EC5 /* ItemServiceImpl.swift in Sources */,
				3E39184D1B77FF6B00F72EC5 /* Service.swift in Sources */,
				3E3918511B77FF6B00F72EC5 /* ServiceBootstrap.swift in Sources */,
				3EBA5BCB1BACC40E00BB5C5A /* SqlModel.swift in Sources */,
				3E3918351B77FF6B00F72EC5 /* ParseServiceImpl.swift in Sources */,
				3E39180D1B77FF6B00F72EC5 /* LocationAnnotation.swift in Sources */,
				3E3918151B77FF6B00F72EC5 /* LocationServiceImpl.swift in Sources */,
				3E3917D51B77FF6B00F72EC5 /* Aggregate.swift in Sources */,
				3E3919631B81466500F72EC5 /* LoginViewHelper.swift in Sources */,
				3EBA5BC01BACBCCE00BB5C5A /* UserType.swift in Sources */,
				3E3917E11B77FF6B00F72EC5 /* DeletedModel.swift in Sources */,
				3E3918111B77FF6B00F72EC5 /* LocationService.swift in Sources */,
				3E3918411B77FF6B00F72EC5 /* Type.swift in Sources */,
				3E3918E81B812E2400F72EC5 /* ArrayExtension.swift in Sources */,
				3EBA5BBE1BACBCCB00BB5C5A /* UserServiceImpl.swift in Sources */,
				3E3918251B77FF6B00F72EC5 /* ModelType.swift in Sources */,
				3E39183D1B77FF6B00F72EC5 /* StandardModelServiceImpl.swift in Sources */,
				3E39181D1B77FF6B00F72EC5 /* Model.swift in Sources */,
				3EBA5BC51BACC23D00BB5C5A /* PFModel.swift in Sources */,
				3E3917FD1B77FF6B00F72EC5 /* ItemFilters.swift in Sources */,
			);
			runOnlyForDeploymentPostprocessing = 0;
		};
/* End PBXSourcesBuildPhase section */

/* Begin PBXTargetDependency section */
		3E3917121B77F5C200F72EC5 /* PBXTargetDependency */ = {
			isa = PBXTargetDependency;
			target = 3E3917031B77F5C200F72EC5 /* FledgerCommon */;
			targetProxy = 3E3917111B77F5C200F72EC5 /* PBXContainerItemProxy */;
		};
		3E3917321B77F60D00F72EC5 /* PBXTargetDependency */ = {
			isa = PBXTargetDependency;
			target = 3E3917241B77F60D00F72EC5 /* FledgerCommonMac */;
			targetProxy = 3E3917311B77F60D00F72EC5 /* PBXContainerItemProxy */;
		};
/* End PBXTargetDependency section */

/* Begin XCBuildConfiguration section */
		3E3917181B77F5C200F72EC5 /* Debug */ = {
			isa = XCBuildConfiguration;
			buildSettings = {
				ALWAYS_SEARCH_USER_PATHS = NO;
				CLANG_ALLOW_NON_MODULAR_INCLUDES_IN_FRAMEWORK_MODULES = NO;
				CLANG_CXX_LANGUAGE_STANDARD = "gnu++0x";
				CLANG_CXX_LIBRARY = "libc++";
				CLANG_ENABLE_MODULES = YES;
				CLANG_ENABLE_OBJC_ARC = YES;
				CLANG_WARN_BOOL_CONVERSION = YES;
				CLANG_WARN_CONSTANT_CONVERSION = YES;
				CLANG_WARN_DIRECT_OBJC_ISA_USAGE = YES_ERROR;
				CLANG_WARN_EMPTY_BODY = YES;
				CLANG_WARN_ENUM_CONVERSION = YES;
				CLANG_WARN_INT_CONVERSION = YES;
				CLANG_WARN_OBJC_ROOT_CLASS = YES_ERROR;
				CLANG_WARN_UNREACHABLE_CODE = YES;
				CLANG_WARN__DUPLICATE_METHOD_MATCH = YES;
				"CODE_SIGN_IDENTITY[sdk=iphoneos*]" = "iPhone Developer";
				COPY_PHASE_STRIP = NO;
				CURRENT_PROJECT_VERSION = 1;
				DEBUG_INFORMATION_FORMAT = "dwarf-with-dsym";
				ENABLE_STRICT_OBJC_MSGSEND = YES;
				ENABLE_TESTABILITY = YES;
				FRAMEWORK_SEARCH_PATHS = "$(inherited $(PODS_ROOT)/Parse";
				GCC_C_LANGUAGE_STANDARD = gnu99;
				GCC_DYNAMIC_NO_PIC = NO;
				GCC_NO_COMMON_BLOCKS = YES;
				GCC_OPTIMIZATION_LEVEL = 0;
				GCC_PREPROCESSOR_DEFINITIONS = (
					"DEBUG=1",
					"$(inherited)",
				);
				GCC_SYMBOLS_PRIVATE_EXTERN = NO;
				GCC_WARN_64_TO_32_BIT_CONVERSION = YES;
				GCC_WARN_ABOUT_RETURN_TYPE = YES_ERROR;
				GCC_WARN_UNDECLARED_SELECTOR = YES;
				GCC_WARN_UNINITIALIZED_AUTOS = YES_AGGRESSIVE;
				GCC_WARN_UNUSED_FUNCTION = YES;
				GCC_WARN_UNUSED_VARIABLE = YES;
				HEADER_SEARCH_PATHS = (
					"$(inherited)",
					/Applications/Xcode.app/Contents/Developer/Toolchains/XcodeDefault.xctoolchain/usr/include,
					"$(PODS_ROOT)/Headers/Public/Parse",
				);
				IPHONEOS_DEPLOYMENT_TARGET = 8.4;
				LD_RUNPATH_SEARCH_PATHS = "$(inherited) $(PODS_ROOT)/Parse $(PODS_ROOT)/Headers/Public/Parse";
				MTL_ENABLE_DEBUG_INFO = YES;
				ONLY_ACTIVE_ARCH = YES;
				SDKROOT = iphoneos;
				SWIFT_INCLUDE_PATHS = "";
				SWIFT_OBJC_BRIDGING_HEADER = "";
				SWIFT_OPTIMIZATION_LEVEL = "-Onone";
				TARGETED_DEVICE_FAMILY = "1,2";
				VERSIONING_SYSTEM = "apple-generic";
				VERSION_INFO_PREFIX = "";
			};
			name = Debug;
		};
		3E3917191B77F5C200F72EC5 /* Release */ = {
			isa = XCBuildConfiguration;
			buildSettings = {
				ALWAYS_SEARCH_USER_PATHS = NO;
				CLANG_ALLOW_NON_MODULAR_INCLUDES_IN_FRAMEWORK_MODULES = NO;
				CLANG_CXX_LANGUAGE_STANDARD = "gnu++0x";
				CLANG_CXX_LIBRARY = "libc++";
				CLANG_ENABLE_MODULES = YES;
				CLANG_ENABLE_OBJC_ARC = YES;
				CLANG_WARN_BOOL_CONVERSION = YES;
				CLANG_WARN_CONSTANT_CONVERSION = YES;
				CLANG_WARN_DIRECT_OBJC_ISA_USAGE = YES_ERROR;
				CLANG_WARN_EMPTY_BODY = YES;
				CLANG_WARN_ENUM_CONVERSION = YES;
				CLANG_WARN_INT_CONVERSION = YES;
				CLANG_WARN_OBJC_ROOT_CLASS = YES_ERROR;
				CLANG_WARN_UNREACHABLE_CODE = YES;
				CLANG_WARN__DUPLICATE_METHOD_MATCH = YES;
				"CODE_SIGN_IDENTITY[sdk=iphoneos*]" = "iPhone Developer";
				COPY_PHASE_STRIP = NO;
				CURRENT_PROJECT_VERSION = 1;
				DEBUG_INFORMATION_FORMAT = "dwarf-with-dsym";
				ENABLE_NS_ASSERTIONS = NO;
				ENABLE_STRICT_OBJC_MSGSEND = YES;
				FRAMEWORK_SEARCH_PATHS = "$(inherited $(PODS_ROOT)/Parse";
				GCC_C_LANGUAGE_STANDARD = gnu99;
				GCC_NO_COMMON_BLOCKS = YES;
				GCC_WARN_64_TO_32_BIT_CONVERSION = YES;
				GCC_WARN_ABOUT_RETURN_TYPE = YES_ERROR;
				GCC_WARN_UNDECLARED_SELECTOR = YES;
				GCC_WARN_UNINITIALIZED_AUTOS = YES_AGGRESSIVE;
				GCC_WARN_UNUSED_FUNCTION = YES;
				GCC_WARN_UNUSED_VARIABLE = YES;
				HEADER_SEARCH_PATHS = (
					"$(inherited)",
					/Applications/Xcode.app/Contents/Developer/Toolchains/XcodeDefault.xctoolchain/usr/include,
					"$(PODS_ROOT)/Headers/Public/Parse",
				);
				IPHONEOS_DEPLOYMENT_TARGET = 8.4;
				LD_RUNPATH_SEARCH_PATHS = "$(inherited) $(PODS_ROOT)/Parse $(PODS_ROOT)/Headers/Public/Parse";
				MTL_ENABLE_DEBUG_INFO = NO;
				SDKROOT = iphoneos;
				SWIFT_INCLUDE_PATHS = "";
				SWIFT_OBJC_BRIDGING_HEADER = "";
				TARGETED_DEVICE_FAMILY = "1,2";
				VALIDATE_PRODUCT = YES;
				VERSIONING_SYSTEM = "apple-generic";
				VERSION_INFO_PREFIX = "";
			};
			name = Release;
		};
		3E39171B1B77F5C200F72EC5 /* Debug */ = {
			isa = XCBuildConfiguration;
			baseConfigurationReference = 42132C2469852B9B0C48755B /* Pods-FledgerCommon.debug.xcconfig */;
			buildSettings = {
				ALWAYS_SEARCH_USER_PATHS = NO;
				CLANG_ALLOW_NON_MODULAR_INCLUDES_IN_FRAMEWORK_MODULES = NO;
				CLANG_ENABLE_MODULES = YES;
				CODE_SIGN_IDENTITY = "iPhone Developer";
				DEFINES_MODULE = YES;
				DYLIB_COMPATIBILITY_VERSION = 1;
				DYLIB_CURRENT_VERSION = 1;
				DYLIB_INSTALL_NAME_BASE = "@rpath";
				FRAMEWORK_SEARCH_PATHS = (
					"$(inherited)",
					"$(PODS_ROOT)/Parse",
				);
				INFOPLIST_FILE = FledgerCommon/Info.plist;
				INSTALL_PATH = "$(LOCAL_LIBRARY_DIR)/Frameworks";
				LD_RUNPATH_SEARCH_PATHS = "$(inherited) @executable_path/Frameworks @loader_path/Frameworks";
				LIBRARY_SEARCH_PATHS = (
					"$(inherited)",
					"\"$(PODS_ROOT)/Parse\"",
				);
				OTHER_LIBTOOLFLAGS = "$(inherited) $(OTHER_LDFLAGS)";
				PRODUCT_BUNDLE_IDENTIFIER = "com.rob-conrad.$(PRODUCT_NAME:rfc1034identifier)";
				PRODUCT_NAME = "$(TARGET_NAME)";
				SKIP_INSTALL = YES;
				SWIFT_OPTIMIZATION_LEVEL = "-Onone";
			};
			name = Debug;
		};
		3E39171C1B77F5C200F72EC5 /* Release */ = {
			isa = XCBuildConfiguration;
			baseConfigurationReference = E8DF7C06BBFFCBB7718A096E /* Pods-FledgerCommon.release.xcconfig */;
			buildSettings = {
				ALWAYS_SEARCH_USER_PATHS = NO;
				CLANG_ALLOW_NON_MODULAR_INCLUDES_IN_FRAMEWORK_MODULES = NO;
				CLANG_ENABLE_MODULES = YES;
				CODE_SIGN_IDENTITY = "iPhone Developer";
				DEFINES_MODULE = YES;
				DYLIB_COMPATIBILITY_VERSION = 1;
				DYLIB_CURRENT_VERSION = 1;
				DYLIB_INSTALL_NAME_BASE = "@rpath";
				FRAMEWORK_SEARCH_PATHS = (
					"$(inherited)",
					"$(PODS_ROOT)/Parse",
				);
				INFOPLIST_FILE = FledgerCommon/Info.plist;
				INSTALL_PATH = "$(LOCAL_LIBRARY_DIR)/Frameworks";
				LD_RUNPATH_SEARCH_PATHS = "$(inherited) @executable_path/Frameworks @loader_path/Frameworks";
				LIBRARY_SEARCH_PATHS = (
					"$(inherited)",
					"\"$(PODS_ROOT)/Parse\"",
				);
				OTHER_LIBTOOLFLAGS = "$(inherited) $(OTHER_LDFLAGS)";
				PRODUCT_BUNDLE_IDENTIFIER = "com.rob-conrad.$(PRODUCT_NAME:rfc1034identifier)";
				PRODUCT_NAME = "$(TARGET_NAME)";
				SKIP_INSTALL = YES;
			};
			name = Release;
		};
		3E39171E1B77F5C200F72EC5 /* Debug */ = {
			isa = XCBuildConfiguration;
			baseConfigurationReference = 42132C2469852B9B0C48755B /* Pods-FledgerCommon.debug.xcconfig */;
			buildSettings = {
				FRAMEWORK_SEARCH_PATHS = (
					"$(SDKROOT)/Developer/Library/Frameworks",
					"$(inherited)",
				);
				GCC_PREPROCESSOR_DEFINITIONS = (
					"DEBUG=1",
					"$(inherited)",
				);
				INFOPLIST_FILE = FledgerCommonTests/Info.plist;
				LD_RUNPATH_SEARCH_PATHS = "$(inherited) @executable_path/Frameworks @loader_path/Frameworks";
				PRODUCT_BUNDLE_IDENTIFIER = "com.rob-conrad.$(PRODUCT_NAME:rfc1034identifier)";
				PRODUCT_NAME = "$(TARGET_NAME)";
			};
			name = Debug;
		};
		3E39171F1B77F5C200F72EC5 /* Release */ = {
			isa = XCBuildConfiguration;
			baseConfigurationReference = E8DF7C06BBFFCBB7718A096E /* Pods-FledgerCommon.release.xcconfig */;
			buildSettings = {
				FRAMEWORK_SEARCH_PATHS = (
					"$(SDKROOT)/Developer/Library/Frameworks",
					"$(inherited)",
				);
				INFOPLIST_FILE = FledgerCommonTests/Info.plist;
				LD_RUNPATH_SEARCH_PATHS = "$(inherited) @executable_path/Frameworks @loader_path/Frameworks";
				PRODUCT_BUNDLE_IDENTIFIER = "com.rob-conrad.$(PRODUCT_NAME:rfc1034identifier)";
				PRODUCT_NAME = "$(TARGET_NAME)";
			};
			name = Release;
		};
		3E3917391B77F60D00F72EC5 /* Debug */ = {
			isa = XCBuildConfiguration;
			baseConfigurationReference = E090A15EFAA1714B0A744BC9 /* Pods-FledgerCommonMac.debug.xcconfig */;
			buildSettings = {
				CLANG_ENABLE_MODULES = YES;
				COMBINE_HIDPI_IMAGES = YES;
				DEBUG_INFORMATION_FORMAT = dwarf;
				DEFINES_MODULE = YES;
				DYLIB_COMPATIBILITY_VERSION = 1;
				DYLIB_CURRENT_VERSION = 1;
				DYLIB_INSTALL_NAME_BASE = "@rpath";
				FRAMEWORK_VERSION = A;
				GCC_PREPROCESSOR_DEFINITIONS = (
					"DEBUG=1",
					"$(inherited)",
				);
				INFOPLIST_FILE = FledgerCommonMac/Info.plist;
				INSTALL_PATH = "$(LOCAL_LIBRARY_DIR)/Frameworks";
				LD_RUNPATH_SEARCH_PATHS = "$(inherited) @executable_path/../Frameworks @loader_path/Frameworks";
				MACH_O_TYPE = mh_dylib;
				MACOSX_DEPLOYMENT_TARGET = 10.10;
				PRODUCT_BUNDLE_IDENTIFIER = "us.robertconrad.$(PRODUCT_NAME:rfc1034identifier)";
				PRODUCT_NAME = FledgerCommon;
				SDKROOT = macosx;
				SKIP_INSTALL = YES;
				SWIFT_OPTIMIZATION_LEVEL = "-Onone";
			};
			name = Debug;
		};
		3E39173A1B77F60D00F72EC5 /* Release */ = {
			isa = XCBuildConfiguration;
			baseConfigurationReference = 6316667B56CFE93257E82FAD /* Pods-FledgerCommonMac.release.xcconfig */;
			buildSettings = {
				CLANG_ENABLE_MODULES = YES;
				COMBINE_HIDPI_IMAGES = YES;
				DEFINES_MODULE = YES;
				DYLIB_COMPATIBILITY_VERSION = 1;
				DYLIB_CURRENT_VERSION = 1;
				DYLIB_INSTALL_NAME_BASE = "@rpath";
				FRAMEWORK_VERSION = A;
				INFOPLIST_FILE = FledgerCommonMac/Info.plist;
				INSTALL_PATH = "$(LOCAL_LIBRARY_DIR)/Frameworks";
				LD_RUNPATH_SEARCH_PATHS = "$(inherited) @executable_path/../Frameworks @loader_path/Frameworks";
				MACH_O_TYPE = mh_dylib;
				MACOSX_DEPLOYMENT_TARGET = 10.10;
				PRODUCT_BUNDLE_IDENTIFIER = "us.robertconrad.$(PRODUCT_NAME:rfc1034identifier)";
				PRODUCT_NAME = FledgerCommon;
				SDKROOT = macosx;
				SKIP_INSTALL = YES;
			};
			name = Release;
		};
		3E39173C1B77F60D00F72EC5 /* Debug */ = {
			isa = XCBuildConfiguration;
			baseConfigurationReference = E090A15EFAA1714B0A744BC9 /* Pods-FledgerCommonMac.debug.xcconfig */;
			buildSettings = {
				COMBINE_HIDPI_IMAGES = YES;
				DEBUG_INFORMATION_FORMAT = dwarf;
				FRAMEWORK_SEARCH_PATHS = (
					"$(DEVELOPER_FRAMEWORKS_DIR)",
					"$(inherited)",
				);
				GCC_PREPROCESSOR_DEFINITIONS = (
					"DEBUG=1",
					"$(inherited)",
				);
				INFOPLIST_FILE = FledgerCommonMacTests/Info.plist;
				LD_RUNPATH_SEARCH_PATHS = "$(inherited) @executable_path/../Frameworks @loader_path/../Frameworks";
				MACOSX_DEPLOYMENT_TARGET = 10.10;
				PRODUCT_BUNDLE_IDENTIFIER = "com.rob-conrad.$(PRODUCT_NAME:rfc1034identifier)";
				PRODUCT_NAME = "$(TARGET_NAME)";
				SDKROOT = macosx;
			};
			name = Debug;
		};
		3E39173D1B77F60D00F72EC5 /* Release */ = {
			isa = XCBuildConfiguration;
			baseConfigurationReference = 6316667B56CFE93257E82FAD /* Pods-FledgerCommonMac.release.xcconfig */;
			buildSettings = {
				COMBINE_HIDPI_IMAGES = YES;
				FRAMEWORK_SEARCH_PATHS = (
					"$(DEVELOPER_FRAMEWORKS_DIR)",
					"$(inherited)",
				);
				INFOPLIST_FILE = FledgerCommonMacTests/Info.plist;
				LD_RUNPATH_SEARCH_PATHS = "$(inherited) @executable_path/../Frameworks @loader_path/../Frameworks";
				MACOSX_DEPLOYMENT_TARGET = 10.10;
				PRODUCT_BUNDLE_IDENTIFIER = "com.rob-conrad.$(PRODUCT_NAME:rfc1034identifier)";
				PRODUCT_NAME = "$(TARGET_NAME)";
				SDKROOT = macosx;
			};
			name = Release;
		};
/* End XCBuildConfiguration section */

/* Begin XCConfigurationList section */
		3E3916FE1B77F5C200F72EC5 /* Build configuration list for PBXProject "FledgerCommon" */ = {
			isa = XCConfigurationList;
			buildConfigurations = (
				3E3917181B77F5C200F72EC5 /* Debug */,
				3E3917191B77F5C200F72EC5 /* Release */,
			);
			defaultConfigurationIsVisible = 0;
			defaultConfigurationName = Release;
		};
		3E39171A1B77F5C200F72EC5 /* Build configuration list for PBXNativeTarget "FledgerCommon" */ = {
			isa = XCConfigurationList;
			buildConfigurations = (
				3E39171B1B77F5C200F72EC5 /* Debug */,
				3E39171C1B77F5C200F72EC5 /* Release */,
			);
			defaultConfigurationIsVisible = 0;
			defaultConfigurationName = Release;
		};
		3E39171D1B77F5C200F72EC5 /* Build configuration list for PBXNativeTarget "FledgerCommonTests" */ = {
			isa = XCConfigurationList;
			buildConfigurations = (
				3E39171E1B77F5C200F72EC5 /* Debug */,
				3E39171F1B77F5C200F72EC5 /* Release */,
			);
			defaultConfigurationIsVisible = 0;
			defaultConfigurationName = Release;
		};
		3E3917381B77F60D00F72EC5 /* Build configuration list for PBXNativeTarget "FledgerCommonMac" */ = {
			isa = XCConfigurationList;
			buildConfigurations = (
				3E3917391B77F60D00F72EC5 /* Debug */,
				3E39173A1B77F60D00F72EC5 /* Release */,
			);
			defaultConfigurationIsVisible = 0;
			defaultConfigurationName = Release;
		};
		3E39173B1B77F60D00F72EC5 /* Build configuration list for PBXNativeTarget "FledgerCommonMacTests" */ = {
			isa = XCConfigurationList;
			buildConfigurations = (
				3E39173C1B77F60D00F72EC5 /* Debug */,
				3E39173D1B77F60D00F72EC5 /* Release */,
			);
			defaultConfigurationIsVisible = 0;
			defaultConfigurationName = Release;
		};
/* End XCConfigurationList section */
	};
	rootObject = 3E3916FB1B77F5C200F72EC5 /* Project object */;
}
